{
  "object": {
    "pins": [
      {
        "package": "CCairo",
        "repositoryURL": "https://github.com/PureSwift/CCairo.git",
        "state": {
          "branch": "master",
          "revision": "9828dafe5d7d4df38cc81614416c52df1c707d7d",
          "version": null
        }
      },
      {
        "package": "CFontConfig",
        "repositoryURL": "https://github.com/PureSwift/CFontConfig.git",
        "state": {
          "branch": "master",
          "revision": "149b01e9a29e265f785dc6ab5003b4a6f1074a5f",
          "version": null
        }
      },
      {
        "package": "CFreeType",
        "repositoryURL": "https://github.com/PureSwift/CFreeType.git",
        "state": {
          "branch": "master",
          "revision": "5d65c8825addca5f30ff2c16e8b7e6f61562f618",
          "version": null
        }
      },
      {
        "package": "CLCMS",
        "repositoryURL": "https://github.com/PureSwift/CLCMS.git",
        "state": {
          "branch": "master",
          "revision": "20d18d62ebc642e52758512cab59af06f2d3655e",
          "version": null
        }
      },
      {
        "package": "Cairo",
        "repositoryURL": "https://github.com/PureSwift/Cairo.git",
        "state": {
          "branch": "master",
          "revision": "5bf2c328f0437f5d5859bba55beae1472b156a29",
          "version": null
        }
      },
      {
        "package": "LittleCMS",
        "repositoryURL": "https://github.com/PureSwift/LittleCMS.git",
        "state": {
          "branch": "master",
          "revision": "32871723c3bd58d1dc3532125bd2c21e5acec5e1",
          "version": null
        }
      }
    ]
  },
  "version": 1
}
