{
  "object": {
    "pins": [
      {
        "package": "Cairo",
        "repositoryURL": "https://github.com/PureSwift/Cairo.git",
        "state": {
          "branch": "master",
          "revision": "bc207ab2e367fbafef51a47b85a7e1eb2821ce57",
          "version": null
        }
      },
      {
        "package": "CCairo",
        "repositoryURL": "https://github.com/PureSwift/CCairo.git",
        "state": {
          "branch": null,
          "revision": "1bd46ac81056766182be22fccc2cdf0e457f042f",
          "version": "1.1.1"
        }
      },
      {
        "package": "CFontConfig",
        "repositoryURL": "https://github.com/PureSwift/CFontConfig.git",
        "state": {
          "branch": null,
          "revision": "e5bae817dbd1eb402f395d960485c52350b2bd88",
          "version": "1.0.1"
        }
      },
      {
        "package": "CFreeType",
        "repositoryURL": "https://github.com/PureSwift/CFreeType.git",
        "state": {
          "branch": null,
          "revision": "079909dc68c13c700bb6bab3059ddf51f642b43a",
          "version": "1.0.4"
        }
      },
      {
        "package": "CSDL2",
        "repositoryURL": "https://github.com/PureSwift/CSDL2.git",
        "state": {
          "branch": "master",
          "revision": "7cfe34d9d12cf7fe958c42c2f37577bd01c703e4",
          "version": null
        }
      },
      {
        "package": "SDL",
        "repositoryURL": "https://github.com/PureSwift/SDL.git",
        "state": {
          "branch": "master",
          "revision": "fe4cdf67266afd5dc285dd6ebf54fb417b44a2a5",
          "version": null
        }
      },
      {
        "package": "Silica",
        "repositoryURL": "https://github.com/PureSwift/Silica.git",
        "state": {
          "branch": "master",
          "revision": "7aeb8673927d2b69a0bab1679fcb8147426651cb",
          "version": null
        }
      }
    ]
  },
  "version": 1
}
