// !$*UTF8*$!
{
	archiveVersion = 1;
	classes = {
	};
	objectVersion = 46;
	objects = {

/* Begin PBXBuildFile section */
		6E0F9D3D1CF05064007FDFC9 /* ScreenTests.swift in Sources */ = {isa = PBXBuildFile; fileRef = 6E0F9D391CF05064007FDFC9 /* ScreenTests.swift */; };
		6E0F9D3E1CF05064007FDFC9 /* StyleKitTests.swift in Sources */ = {isa = PBXBuildFile; fileRef = 6E0F9D3A1CF05064007FDFC9 /* StyleKitTests.swift */; };
		6E0F9D3F1CF05064007FDFC9 /* TestStyleKit.swift in Sources */ = {isa = PBXBuildFile; fileRef = 6E0F9D3B1CF05064007FDFC9 /* TestStyleKit.swift */; };
		6E0F9D401CF05064007FDFC9 /* Typealias.swift in Sources */ = {isa = PBXBuildFile; fileRef = 6E0F9D3C1CF05064007FDFC9 /* Typealias.swift */; };
		6E0F9D421CF0507A007FDFC9 /* main.swift in Sources */ = {isa = PBXBuildFile; fileRef = 6E0F9D411CF0507A007FDFC9 /* main.swift */; };
		6E0F9D461CF06C39007FDFC9 /* UIApplication.swift in Sources */ = {isa = PBXBuildFile; fileRef = 6E0F9D451CF06C39007FDFC9 /* UIApplication.swift */; };
		6E169A6D1CE436E800C60B0B /* Cacao.h in Headers */ = {isa = PBXBuildFile; fileRef = 6E169A6C1CE436E800C60B0B /* Cacao.h */; settings = {ATTRIBUTES = (Public, ); }; };
		6E169A741CE436E800C60B0B /* Cacao.framework in Frameworks */ = {isa = PBXBuildFile; fileRef = 6E169A691CE436E800C60B0B /* Cacao.framework */; };
		6E5041731CE8F2C90087E9A3 /* X11.swift in Sources */ = {isa = PBXBuildFile; fileRef = 6E50416B1CE8F2C90087E9A3 /* X11.swift */; };
		6E5041741CE8F2C90087E9A3 /* UIBezierPath.swift in Sources */ = {isa = PBXBuildFile; fileRef = 6E50416C1CE8F2C90087E9A3 /* UIBezierPath.swift */; };
		6E5041751CE8F2C90087E9A3 /* UIColor.swift in Sources */ = {isa = PBXBuildFile; fileRef = 6E50416D1CE8F2C90087E9A3 /* UIColor.swift */; };
		6E5041761CE8F2C90087E9A3 /* UIGraphics.swift in Sources */ = {isa = PBXBuildFile; fileRef = 6E50416E1CE8F2C90087E9A3 /* UIGraphics.swift */; };
		6E5041771CE8F2C90087E9A3 /* UIScreen.swift in Sources */ = {isa = PBXBuildFile; fileRef = 6E50416F1CE8F2C90087E9A3 /* UIScreen.swift */; };
		6E5041781CE8F2C90087E9A3 /* UIView.swift in Sources */ = {isa = PBXBuildFile; fileRef = 6E5041701CE8F2C90087E9A3 /* UIView.swift */; };
		6E5041791CE8F2C90087E9A3 /* UIViewController.swift in Sources */ = {isa = PBXBuildFile; fileRef = 6E5041711CE8F2C90087E9A3 /* UIViewController.swift */; };
		6E50417A1CE8F2C90087E9A3 /* UIWindow.swift in Sources */ = {isa = PBXBuildFile; fileRef = 6E5041721CE8F2C90087E9A3 /* UIWindow.swift */; };
		6E50417D1CE96FE50087E9A3 /* UIResponder.swift in Sources */ = {isa = PBXBuildFile; fileRef = 6E50417C1CE96FE50087E9A3 /* UIResponder.swift */; };
		6EC46E381CE476D2002A1F52 /* Cairo.framework in Copy Frameworks */ = {isa = PBXBuildFile; fileRef = 6EC46E311CE476B6002A1F52 /* Cairo.framework */; settings = {ATTRIBUTES = (CodeSignOnCopy, RemoveHeadersOnCopy, ); }; };
		6EC46E391CE476D2002A1F52 /* Silica.framework in Copy Frameworks */ = {isa = PBXBuildFile; fileRef = 6EC46E331CE476B6002A1F52 /* Silica.framework */; settings = {ATTRIBUTES = (CodeSignOnCopy, RemoveHeadersOnCopy, ); }; };
		6EC46E3A1CE476D2002A1F52 /* SwiftCoreGraphics.framework in Copy Frameworks */ = {isa = PBXBuildFile; fileRef = 6EC46E351CE476B6002A1F52 /* SwiftCoreGraphics.framework */; settings = {ATTRIBUTES = (CodeSignOnCopy, RemoveHeadersOnCopy, ); }; };
/* End PBXBuildFile section */

/* Begin PBXContainerItemProxy section */
		6E169A751CE436E800C60B0B /* PBXContainerItemProxy */ = {
			isa = PBXContainerItemProxy;
			containerPortal = 6E169A601CE436E800C60B0B /* Project object */;
			proxyType = 1;
			remoteGlobalIDString = 6E169A681CE436E800C60B0B;
			remoteInfo = Cacao;
		};
/* End PBXContainerItemProxy section */

/* Begin PBXCopyFilesBuildPhase section */
		6EC46E371CE476C6002A1F52 /* Copy Frameworks */ = {
			isa = PBXCopyFilesBuildPhase;
			buildActionMask = 2147483647;
			dstPath = "";
			dstSubfolderSpec = 10;
			files = (
				6EC46E381CE476D2002A1F52 /* Cairo.framework in Copy Frameworks */,
				6EC46E391CE476D2002A1F52 /* Silica.framework in Copy Frameworks */,
				6EC46E3A1CE476D2002A1F52 /* SwiftCoreGraphics.framework in Copy Frameworks */,
			);
			name = "Copy Frameworks";
			runOnlyForDeploymentPostprocessing = 0;
		};
/* End PBXCopyFilesBuildPhase section */

/* Begin PBXFileReference section */
		6E0F9D371CF04FF2007FDFC9 /* Package.swift */ = {isa = PBXFileReference; lastKnownFileType = sourcecode.swift; name = Package.swift; path = ../Package.swift; sourceTree = "<group>"; };
		6E0F9D391CF05064007FDFC9 /* ScreenTests.swift */ = {isa = PBXFileReference; fileEncoding = 4; lastKnownFileType = sourcecode.swift; path = ScreenTests.swift; sourceTree = "<group>"; };
		6E0F9D3A1CF05064007FDFC9 /* StyleKitTests.swift */ = {isa = PBXFileReference; fileEncoding = 4; lastKnownFileType = sourcecode.swift; path = StyleKitTests.swift; sourceTree = "<group>"; };
		6E0F9D3B1CF05064007FDFC9 /* TestStyleKit.swift */ = {isa = PBXFileReference; fileEncoding = 4; lastKnownFileType = sourcecode.swift; path = TestStyleKit.swift; sourceTree = "<group>"; };
		6E0F9D3C1CF05064007FDFC9 /* Typealias.swift */ = {isa = PBXFileReference; fileEncoding = 4; lastKnownFileType = sourcecode.swift; path = Typealias.swift; sourceTree = "<group>"; };
		6E0F9D411CF0507A007FDFC9 /* main.swift */ = {isa = PBXFileReference; fileEncoding = 4; lastKnownFileType = sourcecode.swift; path = main.swift; sourceTree = "<group>"; };
		6E0F9D451CF06C39007FDFC9 /* UIApplication.swift */ = {isa = PBXFileReference; fileEncoding = 4; lastKnownFileType = sourcecode.swift; path = UIApplication.swift; sourceTree = "<group>"; };
		6E0F9D481CF06F3D007FDFC9 /* main.swift */ = {isa = PBXFileReference; fileEncoding = 4; lastKnownFileType = sourcecode.swift; path = main.swift; sourceTree = "<group>"; };
		6E169A691CE436E800C60B0B /* Cacao.framework */ = {isa = PBXFileReference; explicitFileType = wrapper.framework; includeInIndex = 0; path = Cacao.framework; sourceTree = BUILT_PRODUCTS_DIR; };
		6E169A6C1CE436E800C60B0B /* Cacao.h */ = {isa = PBXFileReference; lastKnownFileType = sourcecode.c.h; path = Cacao.h; sourceTree = "<group>"; };
		6E169A6E1CE436E800C60B0B /* Info.plist */ = {isa = PBXFileReference; lastKnownFileType = text.plist.xml; path = Info.plist; sourceTree = "<group>"; };
		6E169A731CE436E800C60B0B /* CacaoTests.xctest */ = {isa = PBXFileReference; explicitFileType = wrapper.cfbundle; includeInIndex = 0; path = CacaoTests.xctest; sourceTree = BUILT_PRODUCTS_DIR; };
		6E169A7A1CE436E800C60B0B /* Info.plist */ = {isa = PBXFileReference; lastKnownFileType = text.plist.xml; path = Info.plist; sourceTree = "<group>"; };
		6E50416B1CE8F2C90087E9A3 /* X11.swift */ = {isa = PBXFileReference; fileEncoding = 4; lastKnownFileType = sourcecode.swift; path = X11.swift; sourceTree = "<group>"; };
		6E50416C1CE8F2C90087E9A3 /* UIBezierPath.swift */ = {isa = PBXFileReference; fileEncoding = 4; lastKnownFileType = sourcecode.swift; path = UIBezierPath.swift; sourceTree = "<group>"; };
		6E50416D1CE8F2C90087E9A3 /* UIColor.swift */ = {isa = PBXFileReference; fileEncoding = 4; lastKnownFileType = sourcecode.swift; path = UIColor.swift; sourceTree = "<group>"; };
		6E50416E1CE8F2C90087E9A3 /* UIGraphics.swift */ = {isa = PBXFileReference; fileEncoding = 4; lastKnownFileType = sourcecode.swift; path = UIGraphics.swift; sourceTree = "<group>"; };
		6E50416F1CE8F2C90087E9A3 /* UIScreen.swift */ = {isa = PBXFileReference; fileEncoding = 4; lastKnownFileType = sourcecode.swift; path = UIScreen.swift; sourceTree = "<group>"; };
		6E5041701CE8F2C90087E9A3 /* UIView.swift */ = {isa = PBXFileReference; fileEncoding = 4; lastKnownFileType = sourcecode.swift; path = UIView.swift; sourceTree = "<group>"; };
		6E5041711CE8F2C90087E9A3 /* UIViewController.swift */ = {isa = PBXFileReference; fileEncoding = 4; lastKnownFileType = sourcecode.swift; path = UIViewController.swift; sourceTree = "<group>"; };
		6E5041721CE8F2C90087E9A3 /* UIWindow.swift */ = {isa = PBXFileReference; fileEncoding = 4; lastKnownFileType = sourcecode.swift; path = UIWindow.swift; sourceTree = "<group>"; };
		6E50417C1CE96FE50087E9A3 /* UIResponder.swift */ = {isa = PBXFileReference; fileEncoding = 4; lastKnownFileType = sourcecode.swift; path = UIResponder.swift; sourceTree = "<group>"; };
		6E71E4C91CE8119800892294 /* main.swift */ = {isa = PBXFileReference; lastKnownFileType = sourcecode.swift; path = main.swift; sourceTree = "<group>"; };
		6EC46E171CE4474C002A1F52 /* SwiftUIKit.h */ = {isa = PBXFileReference; lastKnownFileType = sourcecode.c.h; path = SwiftUIKit.h; sourceTree = "<group>"; };
		6EC46E191CE4474C002A1F52 /* Info.plist */ = {isa = PBXFileReference; lastKnownFileType = text.plist.xml; path = Info.plist; sourceTree = "<group>"; };
		6EC46E311CE476B6002A1F52 /* Cairo.framework */ = {isa = PBXFileReference; lastKnownFileType = wrapper.framework; path = Cairo.framework; sourceTree = "<group>"; };
		6EC46E331CE476B6002A1F52 /* Silica.framework */ = {isa = PBXFileReference; lastKnownFileType = wrapper.framework; path = Silica.framework; sourceTree = "<group>"; };
		6EC46E351CE476B6002A1F52 /* SwiftCoreGraphics.framework */ = {isa = PBXFileReference; lastKnownFileType = wrapper.framework; path = SwiftCoreGraphics.framework; sourceTree = "<group>"; };
/* End PBXFileReference section */

/* Begin PBXFrameworksBuildPhase section */
		6E169A651CE436E800C60B0B /* Frameworks */ = {
			isa = PBXFrameworksBuildPhase;
			buildActionMask = 2147483647;
			files = (
			);
			runOnlyForDeploymentPostprocessing = 0;
		};
		6E169A701CE436E800C60B0B /* Frameworks */ = {
			isa = PBXFrameworksBuildPhase;
			buildActionMask = 2147483647;
			files = (
				6E169A741CE436E800C60B0B /* Cacao.framework in Frameworks */,
			);
			runOnlyForDeploymentPostprocessing = 0;
		};
/* End PBXFrameworksBuildPhase section */

/* Begin PBXGroup section */
		6E0F9D381CF05032007FDFC9 /* CacaoTests */ = {
			isa = PBXGroup;
			children = (
				6E0F9D411CF0507A007FDFC9 /* main.swift */,
				6E0F9D391CF05064007FDFC9 /* ScreenTests.swift */,
				6E0F9D3A1CF05064007FDFC9 /* StyleKitTests.swift */,
				6E0F9D3B1CF05064007FDFC9 /* TestStyleKit.swift */,
				6E0F9D3C1CF05064007FDFC9 /* Typealias.swift */,
			);
			path = CacaoTests;
			sourceTree = "<group>";
		};
		6E0F9D471CF06F26007FDFC9 /* X11Demo */ = {
			isa = PBXGroup;
			children = (
				6E0F9D481CF06F3D007FDFC9 /* main.swift */,
			);
			path = X11Demo;
			sourceTree = "<group>";
		};
		6E169A5F1CE436E800C60B0B = {
			isa = PBXGroup;
			children = (
				6E0F9D371CF04FF2007FDFC9 /* Package.swift */,
				6EC46E2F1CE476A4002A1F52 /* Dependencies */,
				6E169A831CE4395800C60B0B /* Sources */,
				6E169A6B1CE436E800C60B0B /* Cacao */,
				6E169A771CE436E800C60B0B /* CacaoTests */,
				6EC46E161CE4474C002A1F52 /* SwiftUIKit */,
				6E71E4C81CE8119800892294 /* MacApp */,
				6E169A6A1CE436E800C60B0B /* Products */,
			);
			sourceTree = "<group>";
		};
		6E169A6A1CE436E800C60B0B /* Products */ = {
			isa = PBXGroup;
			children = (
				6E169A691CE436E800C60B0B /* Cacao.framework */,
				6E169A731CE436E800C60B0B /* CacaoTests.xctest */,
			);
			name = Products;
			sourceTree = "<group>";
		};
		6E169A6B1CE436E800C60B0B /* Cacao */ = {
			isa = PBXGroup;
			children = (
				6E169A6C1CE436E800C60B0B /* Cacao.h */,
				6E169A6E1CE436E800C60B0B /* Info.plist */,
			);
			path = Cacao;
			sourceTree = "<group>";
		};
		6E169A771CE436E800C60B0B /* CacaoTests */ = {
			isa = PBXGroup;
			children = (
				6E169A7A1CE436E800C60B0B /* Info.plist */,
			);
			path = CacaoTests;
			sourceTree = "<group>";
		};
		6E169A831CE4395800C60B0B /* Sources */ = {
			isa = PBXGroup;
			children = (
				6E0F9D471CF06F26007FDFC9 /* X11Demo */,
				6E0F9D381CF05032007FDFC9 /* CacaoTests */,
				6E169A841CE4395800C60B0B /* Cacao */,
			);
			name = Sources;
			path = ../Sources;
			sourceTree = "<group>";
		};
		6E169A841CE4395800C60B0B /* Cacao */ = {
			isa = PBXGroup;
			children = (
				6E50416B1CE8F2C90087E9A3 /* X11.swift */,
				6E0F9D451CF06C39007FDFC9 /* UIApplication.swift */,
				6E50416C1CE8F2C90087E9A3 /* UIBezierPath.swift */,
				6E50416D1CE8F2C90087E9A3 /* UIColor.swift */,
				6E50416E1CE8F2C90087E9A3 /* UIGraphics.swift */,
				6E50416F1CE8F2C90087E9A3 /* UIScreen.swift */,
				6E5041701CE8F2C90087E9A3 /* UIView.swift */,
				6E5041711CE8F2C90087E9A3 /* UIViewController.swift */,
				6E5041721CE8F2C90087E9A3 /* UIWindow.swift */,
				6E50417C1CE96FE50087E9A3 /* UIResponder.swift */,
			);
			path = Cacao;
			sourceTree = "<group>";
		};
		6E71E4C81CE8119800892294 /* MacApp */ = {
			isa = PBXGroup;
			children = (
				6E71E4C91CE8119800892294 /* main.swift */,
			);
			path = MacApp;
			sourceTree = "<group>";
		};
		6EC46E161CE4474C002A1F52 /* SwiftUIKit */ = {
			isa = PBXGroup;
			children = (
				6EC46E171CE4474C002A1F52 /* SwiftUIKit.h */,
				6EC46E191CE4474C002A1F52 /* Info.plist */,
			);
			path = SwiftUIKit;
			sourceTree = "<group>";
		};
		6EC46E2F1CE476A4002A1F52 /* Dependencies */ = {
			isa = PBXGroup;
			children = (
				6EC46E301CE476B6002A1F52 /* Mac */,
			);
			name = Dependencies;
			sourceTree = "<group>";
		};
		6EC46E301CE476B6002A1F52 /* Mac */ = {
			isa = PBXGroup;
			children = (
				6EC46E311CE476B6002A1F52 /* Cairo.framework */,
				6EC46E331CE476B6002A1F52 /* Silica.framework */,
				6EC46E351CE476B6002A1F52 /* SwiftCoreGraphics.framework */,
			);
			name = Mac;
			path = ../Carthage/Build/Mac;
			sourceTree = "<group>";
		};
/* End PBXGroup section */

/* Begin PBXHeadersBuildPhase section */
		6E169A661CE436E800C60B0B /* Headers */ = {
			isa = PBXHeadersBuildPhase;
			buildActionMask = 2147483647;
			files = (
				6E169A6D1CE436E800C60B0B /* Cacao.h in Headers */,
			);
			runOnlyForDeploymentPostprocessing = 0;
		};
/* End PBXHeadersBuildPhase section */

/* Begin PBXNativeTarget section */
		6E169A681CE436E800C60B0B /* Cacao */ = {
			isa = PBXNativeTarget;
			buildConfigurationList = 6E169A7D1CE436E800C60B0B /* Build configuration list for PBXNativeTarget "Cacao" */;
			buildPhases = (
				6E169A641CE436E800C60B0B /* Sources */,
				6E169A651CE436E800C60B0B /* Frameworks */,
				6E169A661CE436E800C60B0B /* Headers */,
				6E169A671CE436E800C60B0B /* Resources */,
			);
			buildRules = (
			);
			dependencies = (
			);
			name = Cacao;
			productName = Cacao;
			productReference = 6E169A691CE436E800C60B0B /* Cacao.framework */;
			productType = "com.apple.product-type.framework";
		};
		6E169A721CE436E800C60B0B /* CacaoTests */ = {
			isa = PBXNativeTarget;
			buildConfigurationList = 6E169A801CE436E800C60B0B /* Build configuration list for PBXNativeTarget "CacaoTests" */;
			buildPhases = (
				6E169A6F1CE436E800C60B0B /* Sources */,
				6E169A701CE436E800C60B0B /* Frameworks */,
				6E169A711CE436E800C60B0B /* Resources */,
				6EC46E371CE476C6002A1F52 /* Copy Frameworks */,
			);
			buildRules = (
			);
			dependencies = (
				6E169A761CE436E800C60B0B /* PBXTargetDependency */,
			);
			name = CacaoTests;
			productName = CacaoTests;
			productReference = 6E169A731CE436E800C60B0B /* CacaoTests.xctest */;
			productType = "com.apple.product-type.bundle.unit-test";
		};
/* End PBXNativeTarget section */

/* Begin PBXProject section */
		6E169A601CE436E800C60B0B /* Project object */ = {
			isa = PBXProject;
			attributes = {
				LastSwiftUpdateCheck = 0730;
				LastUpgradeCheck = 0730;
				ORGANIZATIONNAME = PureSwift;
				TargetAttributes = {
					6E169A681CE436E800C60B0B = {
						CreatedOnToolsVersion = 7.3.1;
					};
					6E169A721CE436E800C60B0B = {
						CreatedOnToolsVersion = 7.3.1;
					};
				};
			};
			buildConfigurationList = 6E169A631CE436E800C60B0B /* Build configuration list for PBXProject "Cacao" */;
			compatibilityVersion = "Xcode 3.2";
			developmentRegion = English;
			hasScannedForEncodings = 0;
			knownRegions = (
				en,
			);
			mainGroup = 6E169A5F1CE436E800C60B0B;
			productRefGroup = 6E169A6A1CE436E800C60B0B /* Products */;
			projectDirPath = "";
			projectRoot = "";
			targets = (
				6E169A681CE436E800C60B0B /* Cacao */,
				6E169A721CE436E800C60B0B /* CacaoTests */,
			);
		};
/* End PBXProject section */

/* Begin PBXResourcesBuildPhase section */
		6E169A671CE436E800C60B0B /* Resources */ = {
			isa = PBXResourcesBuildPhase;
			buildActionMask = 2147483647;
			files = (
			);
			runOnlyForDeploymentPostprocessing = 0;
		};
		6E169A711CE436E800C60B0B /* Resources */ = {
			isa = PBXResourcesBuildPhase;
			buildActionMask = 2147483647;
			files = (
			);
			runOnlyForDeploymentPostprocessing = 0;
		};
/* End PBXResourcesBuildPhase section */

/* Begin PBXSourcesBuildPhase section */
		6E169A641CE436E800C60B0B /* Sources */ = {
			isa = PBXSourcesBuildPhase;
			buildActionMask = 2147483647;
			files = (
				6E5041781CE8F2C90087E9A3 /* UIView.swift in Sources */,
				6E5041761CE8F2C90087E9A3 /* UIGraphics.swift in Sources */,
				6E5041791CE8F2C90087E9A3 /* UIViewController.swift in Sources */,
				6E5041731CE8F2C90087E9A3 /* X11.swift in Sources */,
				6E50417D1CE96FE50087E9A3 /* UIResponder.swift in Sources */,
				6E5041741CE8F2C90087E9A3 /* UIBezierPath.swift in Sources */,
				6E50417A1CE8F2C90087E9A3 /* UIWindow.swift in Sources */,
				6E5041771CE8F2C90087E9A3 /* UIScreen.swift in Sources */,
				6E0F9D461CF06C39007FDFC9 /* UIApplication.swift in Sources */,
				6E5041751CE8F2C90087E9A3 /* UIColor.swift in Sources */,
			);
			runOnlyForDeploymentPostprocessing = 0;
		};
		6E169A6F1CE436E800C60B0B /* Sources */ = {
			isa = PBXSourcesBuildPhase;
			buildActionMask = 2147483647;
			files = (
				6E0F9D3F1CF05064007FDFC9 /* TestStyleKit.swift in Sources */,
				6E0F9D421CF0507A007FDFC9 /* main.swift in Sources */,
				6E0F9D3E1CF05064007FDFC9 /* StyleKitTests.swift in Sources */,
				6E0F9D401CF05064007FDFC9 /* Typealias.swift in Sources */,
				6E0F9D3D1CF05064007FDFC9 /* ScreenTests.swift in Sources */,
			);
			runOnlyForDeploymentPostprocessing = 0;
		};
/* End PBXSourcesBuildPhase section */

/* Begin PBXTargetDependency section */
		6E169A761CE436E800C60B0B /* PBXTargetDependency */ = {
			isa = PBXTargetDependency;
			target = 6E169A681CE436E800C60B0B /* Cacao */;
			targetProxy = 6E169A751CE436E800C60B0B /* PBXContainerItemProxy */;
		};
/* End PBXTargetDependency section */

/* Begin XCBuildConfiguration section */
		6E169A7B1CE436E800C60B0B /* Debug */ = {
			isa = XCBuildConfiguration;
			buildSettings = {
				ALWAYS_SEARCH_USER_PATHS = NO;
				CLANG_ANALYZER_NONNULL = YES;
				CLANG_CXX_LANGUAGE_STANDARD = "gnu++0x";
				CLANG_CXX_LIBRARY = "libc++";
				CLANG_ENABLE_MODULES = YES;
				CLANG_ENABLE_OBJC_ARC = YES;
				CLANG_WARN_BOOL_CONVERSION = YES;
				CLANG_WARN_CONSTANT_CONVERSION = YES;
				CLANG_WARN_DIRECT_OBJC_ISA_USAGE = YES_ERROR;
				CLANG_WARN_EMPTY_BODY = YES;
				CLANG_WARN_ENUM_CONVERSION = YES;
				CLANG_WARN_INT_CONVERSION = YES;
				CLANG_WARN_OBJC_ROOT_CLASS = YES_ERROR;
				CLANG_WARN_UNREACHABLE_CODE = YES;
				CLANG_WARN__DUPLICATE_METHOD_MATCH = YES;
				CODE_SIGN_IDENTITY = "-";
				COPY_PHASE_STRIP = NO;
				CURRENT_PROJECT_VERSION = 1;
				DEBUG_INFORMATION_FORMAT = dwarf;
				ENABLE_STRICT_OBJC_MSGSEND = YES;
				ENABLE_TESTABILITY = YES;
				FRAMEWORK_SEARCH_PATHS = (
					$SRCROOT/../Carthage/Build/Mac,
					/Library/Frameworks,
				);
				GCC_C_LANGUAGE_STANDARD = gnu99;
				GCC_DYNAMIC_NO_PIC = NO;
				GCC_NO_COMMON_BLOCKS = YES;
				GCC_OPTIMIZATION_LEVEL = 0;
				GCC_PREPROCESSOR_DEFINITIONS = (
					"DEBUG=1",
					"$(inherited)",
				);
				GCC_WARN_64_TO_32_BIT_CONVERSION = YES;
				GCC_WARN_ABOUT_RETURN_TYPE = YES_ERROR;
				GCC_WARN_UNDECLARED_SELECTOR = YES;
				GCC_WARN_UNINITIALIZED_AUTOS = YES_AGGRESSIVE;
				GCC_WARN_UNUSED_FUNCTION = YES;
				GCC_WARN_UNUSED_VARIABLE = YES;
				MACOSX_DEPLOYMENT_TARGET = 10.11;
				MTL_ENABLE_DEBUG_INFO = YES;
				ONLY_ACTIVE_ARCH = YES;
				SDKROOT = macosx;
				SWIFT_OPTIMIZATION_LEVEL = "-Onone";
				VERSIONING_SYSTEM = "apple-generic";
				VERSION_INFO_PREFIX = "";
			};
			name = Debug;
		};
		6E169A7C1CE436E800C60B0B /* Release */ = {
			isa = XCBuildConfiguration;
			buildSettings = {
				ALWAYS_SEARCH_USER_PATHS = NO;
				CLANG_ANALYZER_NONNULL = YES;
				CLANG_CXX_LANGUAGE_STANDARD = "gnu++0x";
				CLANG_CXX_LIBRARY = "libc++";
				CLANG_ENABLE_MODULES = YES;
				CLANG_ENABLE_OBJC_ARC = YES;
				CLANG_WARN_BOOL_CONVERSION = YES;
				CLANG_WARN_CONSTANT_CONVERSION = YES;
				CLANG_WARN_DIRECT_OBJC_ISA_USAGE = YES_ERROR;
				CLANG_WARN_EMPTY_BODY = YES;
				CLANG_WARN_ENUM_CONVERSION = YES;
				CLANG_WARN_INT_CONVERSION = YES;
				CLANG_WARN_OBJC_ROOT_CLASS = YES_ERROR;
				CLANG_WARN_UNREACHABLE_CODE = YES;
				CLANG_WARN__DUPLICATE_METHOD_MATCH = YES;
				CODE_SIGN_IDENTITY = "-";
				COPY_PHASE_STRIP = NO;
				CURRENT_PROJECT_VERSION = 1;
				DEBUG_INFORMATION_FORMAT = "dwarf-with-dsym";
				ENABLE_NS_ASSERTIONS = NO;
				ENABLE_STRICT_OBJC_MSGSEND = YES;
				FRAMEWORK_SEARCH_PATHS = (
					$SRCROOT/../Carthage/Build/Mac,
					/Library/Frameworks,
				);
				GCC_C_LANGUAGE_STANDARD = gnu99;
				GCC_NO_COMMON_BLOCKS = YES;
				GCC_WARN_64_TO_32_BIT_CONVERSION = YES;
				GCC_WARN_ABOUT_RETURN_TYPE = YES_ERROR;
				GCC_WARN_UNDECLARED_SELECTOR = YES;
				GCC_WARN_UNINITIALIZED_AUTOS = YES_AGGRESSIVE;
				GCC_WARN_UNUSED_FUNCTION = YES;
				GCC_WARN_UNUSED_VARIABLE = YES;
				MACOSX_DEPLOYMENT_TARGET = 10.11;
				MTL_ENABLE_DEBUG_INFO = NO;
				SDKROOT = macosx;
				SWIFT_OPTIMIZATION_LEVEL = "-Owholemodule";
				VERSIONING_SYSTEM = "apple-generic";
				VERSION_INFO_PREFIX = "";
			};
			name = Release;
		};
		6E169A7E1CE436E800C60B0B /* Debug */ = {
			isa = XCBuildConfiguration;
			buildSettings = {
				CLANG_ENABLE_MODULES = YES;
				COMBINE_HIDPI_IMAGES = YES;
				DEFINES_MODULE = YES;
				DYLIB_COMPATIBILITY_VERSION = 1;
				DYLIB_CURRENT_VERSION = 1;
				DYLIB_INSTALL_NAME_BASE = "@rpath";
				FRAMEWORK_VERSION = A;
				INFOPLIST_FILE = Cacao/Info.plist;
				INSTALL_PATH = "$(LOCAL_LIBRARY_DIR)/Frameworks";
				LD_RUNPATH_SEARCH_PATHS = "$(inherited) @executable_path/../Frameworks @loader_path/Frameworks";
				PRODUCT_BUNDLE_IDENTIFIER = com.pureswift.Cacao;
				PRODUCT_NAME = "$(TARGET_NAME)";
				SKIP_INSTALL = YES;
				SWIFT_OPTIMIZATION_LEVEL = "-Onone";
			};
			name = Debug;
		};
		6E169A7F1CE436E800C60B0B /* Release */ = {
			isa = XCBuildConfiguration;
			buildSettings = {
				CLANG_ENABLE_MODULES = YES;
				COMBINE_HIDPI_IMAGES = YES;
				DEFINES_MODULE = YES;
				DYLIB_COMPATIBILITY_VERSION = 1;
				DYLIB_CURRENT_VERSION = 1;
				DYLIB_INSTALL_NAME_BASE = "@rpath";
				FRAMEWORK_VERSION = A;
				INFOPLIST_FILE = Cacao/Info.plist;
				INSTALL_PATH = "$(LOCAL_LIBRARY_DIR)/Frameworks";
				LD_RUNPATH_SEARCH_PATHS = "$(inherited) @executable_path/../Frameworks @loader_path/Frameworks";
				PRODUCT_BUNDLE_IDENTIFIER = com.pureswift.Cacao;
				PRODUCT_NAME = "$(TARGET_NAME)";
				SKIP_INSTALL = YES;
			};
			name = Release;
		};
		6E169A811CE436E800C60B0B /* Debug */ = {
			isa = XCBuildConfiguration;
			buildSettings = {
				CLANG_ENABLE_MODULES = YES;
				COMBINE_HIDPI_IMAGES = YES;
				INFOPLIST_FILE = CacaoTests/Info.plist;
				LD_RUNPATH_SEARCH_PATHS = "$(inherited) @executable_path/../Frameworks @loader_path/../Frameworks";
				PRODUCT_BUNDLE_IDENTIFIER = com.pureswift.CacaoTests;
				PRODUCT_NAME = "$(TARGET_NAME)";
				SWIFT_OPTIMIZATION_LEVEL = "-Onone";
			};
			name = Debug;
		};
		6E169A821CE436E800C60B0B /* Release */ = {
			isa = XCBuildConfiguration;
			buildSettings = {
				CLANG_ENABLE_MODULES = YES;
				COMBINE_HIDPI_IMAGES = YES;
				INFOPLIST_FILE = CacaoTests/Info.plist;
				LD_RUNPATH_SEARCH_PATHS = "$(inherited) @executable_path/../Frameworks @loader_path/../Frameworks";
				PRODUCT_BUNDLE_IDENTIFIER = com.pureswift.CacaoTests;
				PRODUCT_NAME = "$(TARGET_NAME)";
			};
			name = Release;
		};
/* End XCBuildConfiguration section */

/* Begin XCConfigurationList section */
		6E169A631CE436E800C60B0B /* Build configuration list for PBXProject "Cacao" */ = {
			isa = XCConfigurationList;
			buildConfigurations = (
				6E169A7B1CE436E800C60B0B /* Debug */,
				6E169A7C1CE436E800C60B0B /* Release */,
			);
			defaultConfigurationIsVisible = 0;
			defaultConfigurationName = Release;
		};
		6E169A7D1CE436E800C60B0B /* Build configuration list for PBXNativeTarget "Cacao" */ = {
			isa = XCConfigurationList;
			buildConfigurations = (
				6E169A7E1CE436E800C60B0B /* Debug */,
				6E169A7F1CE436E800C60B0B /* Release */,
			);
			defaultConfigurationIsVisible = 0;
			defaultConfigurationName = Release;
		};
		6E169A801CE436E800C60B0B /* Build configuration list for PBXNativeTarget "CacaoTests" */ = {
			isa = XCConfigurationList;
			buildConfigurations = (
				6E169A811CE436E800C60B0B /* Debug */,
				6E169A821CE436E800C60B0B /* Release */,
			);
			defaultConfigurationIsVisible = 0;
			defaultConfigurationName = Release;
		};
/* End XCConfigurationList section */
	};
	rootObject = 6E169A601CE436E800C60B0B /* Project object */;
}
