// !$*UTF8*$!
{
	archiveVersion = 1;
	classes = {
	};
	objectVersion = 46;
	objects = {

/* Begin PBXBuildFile section */
		6E031ACB1CFB7090004C8431 /* Label.swift in Sources */ = {isa = PBXBuildFile; fileRef = 6E031ACA1CFB7090004C8431 /* Label.swift */; };
		6E031ACD1CFB794F004C8431 /* UIFont.swift in Sources */ = {isa = PBXBuildFile; fileRef = 6E031ACC1CFB794F004C8431 /* UIFont.swift */; };
		6E031AE31CFC296B004C8431 /* CoreGraphics.swift in Sources */ = {isa = PBXBuildFile; fileRef = 6E031AE21CFC296B004C8431 /* CoreGraphics.swift */; };
		6E031AE41CFC29E9004C8431 /* CoreGraphics.swift in Sources */ = {isa = PBXBuildFile; fileRef = 6E031AE21CFC296B004C8431 /* CoreGraphics.swift */; };
		6E031AE61CFC2D3C004C8431 /* UIKit.swift in Sources */ = {isa = PBXBuildFile; fileRef = 6E031AE51CFC2D3C004C8431 /* UIKit.swift */; };
		6E031AE81CFC32A7004C8431 /* NSStringDrawing.swift in Sources */ = {isa = PBXBuildFile; fileRef = 6E031AE71CFC32A7004C8431 /* NSStringDrawing.swift */; };
		6E0F3FFC1CF139F7009CA26A /* Assets.xcassets in Resources */ = {isa = PBXBuildFile; fileRef = 6E0F3FFB1CF139F7009CA26A /* Assets.xcassets */; };
		6E0F3FFF1CF139F7009CA26A /* MainMenu.xib in Resources */ = {isa = PBXBuildFile; fileRef = 6E0F3FFD1CF139F7009CA26A /* MainMenu.xib */; };
		6E0F40061CF1424B009CA26A /* Application.swift in Sources */ = {isa = PBXBuildFile; fileRef = 6E0F40041CF14248009CA26A /* Application.swift */; };
		6E0F40071CF1424D009CA26A /* main.swift in Sources */ = {isa = PBXBuildFile; fileRef = 6E0F3FE51CF1380F009CA26A /* main.swift */; };
		6E0F40091CF145F2009CA26A /* libSDL2.dylib in Frameworks */ = {isa = PBXBuildFile; fileRef = 6E0F40081CF145E5009CA26A /* libSDL2.dylib */; };
		6E0F400B1CF14D15009CA26A /* libcairo.dylib in Frameworks */ = {isa = PBXBuildFile; fileRef = 6E0F400A1CF14D15009CA26A /* libcairo.dylib */; };
		6E0F400F1CF15514009CA26A /* Cairo.framework in CopyFiles */ = {isa = PBXBuildFile; fileRef = 6EC46E311CE476B6002A1F52 /* Cairo.framework */; settings = {ATTRIBUTES = (CodeSignOnCopy, RemoveHeadersOnCopy, ); }; };
		6E0F40101CF15514009CA26A /* Silica.framework in CopyFiles */ = {isa = PBXBuildFile; fileRef = 6EC46E331CE476B6002A1F52 /* Silica.framework */; settings = {ATTRIBUTES = (CodeSignOnCopy, RemoveHeadersOnCopy, ); }; };
		6E0F40121CF15525009CA26A /* AppKit.framework in Frameworks */ = {isa = PBXBuildFile; fileRef = 6E0F40111CF15525009CA26A /* AppKit.framework */; };
		6E0F40131CF15556009CA26A /* Cacao.framework in Frameworks */ = {isa = PBXBuildFile; fileRef = 6E169A691CE436E800C60B0B /* Cacao.framework */; };
		6E0F40141CF15556009CA26A /* Cacao.framework in CopyFiles */ = {isa = PBXBuildFile; fileRef = 6E169A691CE436E800C60B0B /* Cacao.framework */; settings = {ATTRIBUTES = (CodeSignOnCopy, RemoveHeadersOnCopy, ); }; };
		6E0F40191CF19652009CA26A /* StyleKit.swift in Sources */ = {isa = PBXBuildFile; fileRef = 6E0F40181CF19652009CA26A /* StyleKit.swift */; };
		6E0F401E1CF196E6009CA26A /* SwiftLogoView.swift in Sources */ = {isa = PBXBuildFile; fileRef = 6E0F401D1CF196E6009CA26A /* SwiftLogoView.swift */; };
		6E0F9D3D1CF05064007FDFC9 /* ScreenTests.swift in Sources */ = {isa = PBXBuildFile; fileRef = 6E0F9D391CF05064007FDFC9 /* ScreenTests.swift */; };
		6E0F9D3E1CF05064007FDFC9 /* StyleKitTests.swift in Sources */ = {isa = PBXBuildFile; fileRef = 6E0F9D3A1CF05064007FDFC9 /* StyleKitTests.swift */; };
		6E0F9D3F1CF05064007FDFC9 /* TestStyleKit.swift in Sources */ = {isa = PBXBuildFile; fileRef = 6E0F9D3B1CF05064007FDFC9 /* TestStyleKit.swift */; };
		6E0F9D421CF0507A007FDFC9 /* main.swift in Sources */ = {isa = PBXBuildFile; fileRef = 6E0F9D411CF0507A007FDFC9 /* main.swift */; };
		6E0F9D461CF06C39007FDFC9 /* Application.swift in Sources */ = {isa = PBXBuildFile; fileRef = 6E0F9D451CF06C39007FDFC9 /* Application.swift */; };
		6E152EC91D00000F009AD6DE /* Appearance.swift in Sources */ = {isa = PBXBuildFile; fileRef = 6E152EC81D00000F009AD6DE /* Appearance.swift */; };
		6E169A6D1CE436E800C60B0B /* Cacao.h in Headers */ = {isa = PBXBuildFile; fileRef = 6E169A6C1CE436E800C60B0B /* Cacao.h */; settings = {ATTRIBUTES = (Public, ); }; };
		6E169A741CE436E800C60B0B /* Cacao.framework in Frameworks */ = {isa = PBXBuildFile; fileRef = 6E169A691CE436E800C60B0B /* Cacao.framework */; };
		6E5041741CE8F2C90087E9A3 /* UIBezierPath.swift in Sources */ = {isa = PBXBuildFile; fileRef = 6E50416C1CE8F2C90087E9A3 /* UIBezierPath.swift */; };
		6E5041751CE8F2C90087E9A3 /* UIColor.swift in Sources */ = {isa = PBXBuildFile; fileRef = 6E50416D1CE8F2C90087E9A3 /* UIColor.swift */; };
		6E5041761CE8F2C90087E9A3 /* UIGraphics.swift in Sources */ = {isa = PBXBuildFile; fileRef = 6E50416E1CE8F2C90087E9A3 /* UIGraphics.swift */; };
		6E6318841CF925CD00894742 /* View.swift in Sources */ = {isa = PBXBuildFile; fileRef = 6E6318831CF925CD00894742 /* View.swift */; };
		6E6318861CF930DD00894742 /* ViewController.swift in Sources */ = {isa = PBXBuildFile; fileRef = 6E6318851CF930DD00894742 /* ViewController.swift */; };
		6E63188C1CF9321000894742 /* Screen.swift in Sources */ = {isa = PBXBuildFile; fileRef = 6E63188B1CF9321000894742 /* Screen.swift */; };
		6E63188E1CF93ADE00894742 /* UIView.swift in Sources */ = {isa = PBXBuildFile; fileRef = 6E63188D1CF93ADE00894742 /* UIView.swift */; };
		6E6318901CF95C2800894742 /* Event.swift in Sources */ = {isa = PBXBuildFile; fileRef = 6E63188F1CF95C2800894742 /* Event.swift */; };
		6E6318931CF9819C00894742 /* TableView.swift in Sources */ = {isa = PBXBuildFile; fileRef = 6E6318921CF9819C00894742 /* TableView.swift */; };
		6E6318951CFA327100894742 /* ScrollView.swift in Sources */ = {isa = PBXBuildFile; fileRef = 6E6318941CFA327100894742 /* ScrollView.swift */; };
		6E6318991CFAAAAA00894742 /* Button.swift in Sources */ = {isa = PBXBuildFile; fileRef = 6E6318981CFAAAAA00894742 /* Button.swift */; };
		6E63189B1CFAAF3B00894742 /* ContentView.swift in Sources */ = {isa = PBXBuildFile; fileRef = 6E63189A1CFAAF3B00894742 /* ContentView.swift */; };
		6E63189E1CFACC5500894742 /* ContentModeViewController.swift in Sources */ = {isa = PBXBuildFile; fileRef = 6E63189C1CFAB7F700894742 /* ContentModeViewController.swift */; };
		6EC46E381CE476D2002A1F52 /* Cairo.framework in Copy Frameworks */ = {isa = PBXBuildFile; fileRef = 6EC46E311CE476B6002A1F52 /* Cairo.framework */; settings = {ATTRIBUTES = (CodeSignOnCopy, RemoveHeadersOnCopy, ); }; };
		6EC46E391CE476D2002A1F52 /* Silica.framework in Copy Frameworks */ = {isa = PBXBuildFile; fileRef = 6EC46E331CE476B6002A1F52 /* Silica.framework */; settings = {ATTRIBUTES = (CodeSignOnCopy, RemoveHeadersOnCopy, ); }; };
		6ECBBF231CFD52F700D50A9E /* CacaoConvertible.swift in Sources */ = {isa = PBXBuildFile; fileRef = 6ECBBF221CFD52F700D50A9E /* CacaoConvertible.swift */; };
		6ECBBF251CFD539E00D50A9E /* TextRendering.swift in Sources */ = {isa = PBXBuildFile; fileRef = 6ECBBF241CFD539E00D50A9E /* TextRendering.swift */; };
		6ECBBF271CFD540F00D50A9E /* Font.swift in Sources */ = {isa = PBXBuildFile; fileRef = 6ECBBF261CFD540F00D50A9E /* Font.swift */; };
		6ECBBF291CFD5B7F00D50A9E /* UIViewContentMode.swift in Sources */ = {isa = PBXBuildFile; fileRef = 6ECBBF281CFD5B7F00D50A9E /* UIViewContentMode.swift */; };
		6ECBBF2B1CFD934900D50A9E /* FontTests.swift in Sources */ = {isa = PBXBuildFile; fileRef = 6ECBBF2A1CFD934900D50A9E /* FontTests.swift */; };
/* End PBXBuildFile section */

/* Begin PBXContainerItemProxy section */
		6E0F400C1CF153B7009CA26A /* PBXContainerItemProxy */ = {
			isa = PBXContainerItemProxy;
			containerPortal = 6E169A601CE436E800C60B0B /* Project object */;
			proxyType = 1;
			remoteGlobalIDString = 6E169A681CE436E800C60B0B;
			remoteInfo = Cacao;
		};
		6E169A751CE436E800C60B0B /* PBXContainerItemProxy */ = {
			isa = PBXContainerItemProxy;
			containerPortal = 6E169A601CE436E800C60B0B /* Project object */;
			proxyType = 1;
			remoteGlobalIDString = 6E169A681CE436E800C60B0B;
			remoteInfo = Cacao;
		};
/* End PBXContainerItemProxy section */

/* Begin PBXCopyFilesBuildPhase section */
		6E0F400E1CF15508009CA26A /* CopyFiles */ = {
			isa = PBXCopyFilesBuildPhase;
			buildActionMask = 2147483647;
			dstPath = "";
			dstSubfolderSpec = 10;
			files = (
				6E0F400F1CF15514009CA26A /* Cairo.framework in CopyFiles */,
				6E0F40101CF15514009CA26A /* Silica.framework in CopyFiles */,
				6E0F40141CF15556009CA26A /* Cacao.framework in CopyFiles */,
			);
			runOnlyForDeploymentPostprocessing = 0;
		};
		6EC46E371CE476C6002A1F52 /* Copy Frameworks */ = {
			isa = PBXCopyFilesBuildPhase;
			buildActionMask = 2147483647;
			dstPath = "";
			dstSubfolderSpec = 10;
			files = (
				6EC46E381CE476D2002A1F52 /* Cairo.framework in Copy Frameworks */,
				6EC46E391CE476D2002A1F52 /* Silica.framework in Copy Frameworks */,
			);
			name = "Copy Frameworks";
			runOnlyForDeploymentPostprocessing = 0;
		};
/* End PBXCopyFilesBuildPhase section */

/* Begin PBXFileReference section */
		6E031ACA1CFB7090004C8431 /* Label.swift */ = {isa = PBXFileReference; fileEncoding = 4; lastKnownFileType = sourcecode.swift; path = Label.swift; sourceTree = "<group>"; };
		6E031ACC1CFB794F004C8431 /* UIFont.swift */ = {isa = PBXFileReference; fileEncoding = 4; lastKnownFileType = sourcecode.swift; path = UIFont.swift; sourceTree = "<group>"; };
		6E031AE21CFC296B004C8431 /* CoreGraphics.swift */ = {isa = PBXFileReference; fileEncoding = 4; lastKnownFileType = sourcecode.swift; path = CoreGraphics.swift; sourceTree = "<group>"; };
		6E031AE51CFC2D3C004C8431 /* UIKit.swift */ = {isa = PBXFileReference; fileEncoding = 4; lastKnownFileType = sourcecode.swift; path = UIKit.swift; sourceTree = "<group>"; };
		6E031AE71CFC32A7004C8431 /* NSStringDrawing.swift */ = {isa = PBXFileReference; fileEncoding = 4; lastKnownFileType = sourcecode.swift; path = NSStringDrawing.swift; sourceTree = "<group>"; };
		6E0F3FE31CF137BE009CA26A /* module.map */ = {isa = PBXFileReference; lastKnownFileType = "sourcecode.module-map"; path = module.map; sourceTree = "<group>"; };
		6E0F3FE51CF1380F009CA26A /* main.swift */ = {isa = PBXFileReference; fileEncoding = 4; lastKnownFileType = sourcecode.swift; path = main.swift; sourceTree = "<group>"; };
		6E0F3FF71CF139F7009CA26A /* Demo.app */ = {isa = PBXFileReference; explicitFileType = wrapper.application; includeInIndex = 0; path = Demo.app; sourceTree = BUILT_PRODUCTS_DIR; };
		6E0F3FFB1CF139F7009CA26A /* Assets.xcassets */ = {isa = PBXFileReference; lastKnownFileType = folder.assetcatalog; path = Assets.xcassets; sourceTree = "<group>"; };
		6E0F3FFE1CF139F7009CA26A /* Base */ = {isa = PBXFileReference; lastKnownFileType = file.xib; name = Base; path = Base.lproj/MainMenu.xib; sourceTree = "<group>"; };
		6E0F40001CF139F7009CA26A /* Info.plist */ = {isa = PBXFileReference; lastKnownFileType = text.plist.xml; path = Info.plist; sourceTree = "<group>"; };
		6E0F40041CF14248009CA26A /* Application.swift */ = {isa = PBXFileReference; fileEncoding = 4; lastKnownFileType = sourcecode.swift; path = Application.swift; sourceTree = "<group>"; };
		6E0F40081CF145E5009CA26A /* libSDL2.dylib */ = {isa = PBXFileReference; lastKnownFileType = "compiled.mach-o.dylib"; name = libSDL2.dylib; path = ../../../../../../../usr/local/lib/libSDL2.dylib; sourceTree = "<group>"; };
		6E0F400A1CF14D15009CA26A /* libcairo.dylib */ = {isa = PBXFileReference; lastKnownFileType = "compiled.mach-o.dylib"; name = libcairo.dylib; path = ../../../../../../../usr/local/lib/libcairo.dylib; sourceTree = "<group>"; };
		6E0F40111CF15525009CA26A /* AppKit.framework */ = {isa = PBXFileReference; lastKnownFileType = wrapper.framework; name = AppKit.framework; path = System/Library/Frameworks/AppKit.framework; sourceTree = SDKROOT; };
		6E0F40181CF19652009CA26A /* StyleKit.swift */ = {isa = PBXFileReference; fileEncoding = 4; lastKnownFileType = sourcecode.swift; path = StyleKit.swift; sourceTree = "<group>"; };
		6E0F401D1CF196E6009CA26A /* SwiftLogoView.swift */ = {isa = PBXFileReference; fileEncoding = 4; lastKnownFileType = sourcecode.swift; path = SwiftLogoView.swift; sourceTree = "<group>"; };
		6E0F9D371CF04FF2007FDFC9 /* Package.swift */ = {isa = PBXFileReference; lastKnownFileType = sourcecode.swift; name = Package.swift; path = ../Package.swift; sourceTree = "<group>"; };
		6E0F9D391CF05064007FDFC9 /* ScreenTests.swift */ = {isa = PBXFileReference; fileEncoding = 4; lastKnownFileType = sourcecode.swift; path = ScreenTests.swift; sourceTree = "<group>"; };
		6E0F9D3A1CF05064007FDFC9 /* StyleKitTests.swift */ = {isa = PBXFileReference; fileEncoding = 4; lastKnownFileType = sourcecode.swift; path = StyleKitTests.swift; sourceTree = "<group>"; };
		6E0F9D3B1CF05064007FDFC9 /* TestStyleKit.swift */ = {isa = PBXFileReference; fileEncoding = 4; lastKnownFileType = sourcecode.swift; path = TestStyleKit.swift; sourceTree = "<group>"; };
		6E0F9D411CF0507A007FDFC9 /* main.swift */ = {isa = PBXFileReference; fileEncoding = 4; lastKnownFileType = sourcecode.swift; path = main.swift; sourceTree = "<group>"; };
		6E0F9D451CF06C39007FDFC9 /* Application.swift */ = {isa = PBXFileReference; fileEncoding = 4; lastKnownFileType = sourcecode.swift; path = Application.swift; sourceTree = "<group>"; };
		6E152EC81D00000F009AD6DE /* Appearance.swift */ = {isa = PBXFileReference; fileEncoding = 4; lastKnownFileType = sourcecode.swift; path = Appearance.swift; sourceTree = "<group>"; };
		6E169A691CE436E800C60B0B /* Cacao.framework */ = {isa = PBXFileReference; explicitFileType = wrapper.framework; includeInIndex = 0; path = Cacao.framework; sourceTree = BUILT_PRODUCTS_DIR; };
		6E169A6C1CE436E800C60B0B /* Cacao.h */ = {isa = PBXFileReference; lastKnownFileType = sourcecode.c.h; path = Cacao.h; sourceTree = "<group>"; };
		6E169A6E1CE436E800C60B0B /* Info.plist */ = {isa = PBXFileReference; lastKnownFileType = text.plist.xml; path = Info.plist; sourceTree = "<group>"; };
		6E169A731CE436E800C60B0B /* CacaoTests.xctest */ = {isa = PBXFileReference; explicitFileType = wrapper.cfbundle; includeInIndex = 0; path = CacaoTests.xctest; sourceTree = BUILT_PRODUCTS_DIR; };
		6E169A7A1CE436E800C60B0B /* Info.plist */ = {isa = PBXFileReference; lastKnownFileType = text.plist.xml; path = Info.plist; sourceTree = "<group>"; };
		6E50416C1CE8F2C90087E9A3 /* UIBezierPath.swift */ = {isa = PBXFileReference; fileEncoding = 4; lastKnownFileType = sourcecode.swift; path = UIBezierPath.swift; sourceTree = "<group>"; };
		6E50416D1CE8F2C90087E9A3 /* UIColor.swift */ = {isa = PBXFileReference; fileEncoding = 4; lastKnownFileType = sourcecode.swift; path = UIColor.swift; sourceTree = "<group>"; };
		6E50416E1CE8F2C90087E9A3 /* UIGraphics.swift */ = {isa = PBXFileReference; fileEncoding = 4; lastKnownFileType = sourcecode.swift; path = UIGraphics.swift; sourceTree = "<group>"; };
		6E6318831CF925CD00894742 /* View.swift */ = {isa = PBXFileReference; fileEncoding = 4; lastKnownFileType = sourcecode.swift; path = View.swift; sourceTree = "<group>"; };
		6E6318851CF930DD00894742 /* ViewController.swift */ = {isa = PBXFileReference; fileEncoding = 4; lastKnownFileType = sourcecode.swift; path = ViewController.swift; sourceTree = "<group>"; };
		6E63188B1CF9321000894742 /* Screen.swift */ = {isa = PBXFileReference; fileEncoding = 4; lastKnownFileType = sourcecode.swift; path = Screen.swift; sourceTree = "<group>"; };
		6E63188D1CF93ADE00894742 /* UIView.swift */ = {isa = PBXFileReference; fileEncoding = 4; lastKnownFileType = sourcecode.swift; path = UIView.swift; sourceTree = "<group>"; };
		6E63188F1CF95C2800894742 /* Event.swift */ = {isa = PBXFileReference; fileEncoding = 4; lastKnownFileType = sourcecode.swift; path = Event.swift; sourceTree = "<group>"; };
		6E6318921CF9819C00894742 /* TableView.swift */ = {isa = PBXFileReference; fileEncoding = 4; lastKnownFileType = sourcecode.swift; path = TableView.swift; sourceTree = "<group>"; };
		6E6318941CFA327100894742 /* ScrollView.swift */ = {isa = PBXFileReference; fileEncoding = 4; lastKnownFileType = sourcecode.swift; path = ScrollView.swift; sourceTree = "<group>"; };
		6E6318981CFAAAAA00894742 /* Button.swift */ = {isa = PBXFileReference; fileEncoding = 4; lastKnownFileType = sourcecode.swift; path = Button.swift; sourceTree = "<group>"; };
		6E63189A1CFAAF3B00894742 /* ContentView.swift */ = {isa = PBXFileReference; fileEncoding = 4; lastKnownFileType = sourcecode.swift; path = ContentView.swift; sourceTree = "<group>"; };
		6E63189C1CFAB7F700894742 /* ContentModeViewController.swift */ = {isa = PBXFileReference; fileEncoding = 4; lastKnownFileType = sourcecode.swift; path = ContentModeViewController.swift; sourceTree = "<group>"; };
		6EC46E311CE476B6002A1F52 /* Cairo.framework */ = {isa = PBXFileReference; lastKnownFileType = wrapper.framework; path = Cairo.framework; sourceTree = "<group>"; };
		6EC46E331CE476B6002A1F52 /* Silica.framework */ = {isa = PBXFileReference; lastKnownFileType = wrapper.framework; path = Silica.framework; sourceTree = "<group>"; };
		6ECBBF221CFD52F700D50A9E /* CacaoConvertible.swift */ = {isa = PBXFileReference; fileEncoding = 4; lastKnownFileType = sourcecode.swift; path = CacaoConvertible.swift; sourceTree = "<group>"; };
		6ECBBF241CFD539E00D50A9E /* TextRendering.swift */ = {isa = PBXFileReference; fileEncoding = 4; lastKnownFileType = sourcecode.swift; path = TextRendering.swift; sourceTree = "<group>"; };
		6ECBBF261CFD540F00D50A9E /* Font.swift */ = {isa = PBXFileReference; fileEncoding = 4; lastKnownFileType = sourcecode.swift; path = Font.swift; sourceTree = "<group>"; };
		6ECBBF281CFD5B7F00D50A9E /* UIViewContentMode.swift */ = {isa = PBXFileReference; fileEncoding = 4; lastKnownFileType = sourcecode.swift; path = UIViewContentMode.swift; sourceTree = "<group>"; };
		6ECBBF2A1CFD934900D50A9E /* FontTests.swift */ = {isa = PBXFileReference; fileEncoding = 4; lastKnownFileType = sourcecode.swift; path = FontTests.swift; sourceTree = "<group>"; };
/* End PBXFileReference section */

/* Begin PBXFrameworksBuildPhase section */
		6E0F3FF41CF139F7009CA26A /* Frameworks */ = {
			isa = PBXFrameworksBuildPhase;
			buildActionMask = 2147483647;
			files = (
				6E0F40131CF15556009CA26A /* Cacao.framework in Frameworks */,
				6E0F40121CF15525009CA26A /* AppKit.framework in Frameworks */,
			);
			runOnlyForDeploymentPostprocessing = 0;
		};
		6E169A651CE436E800C60B0B /* Frameworks */ = {
			isa = PBXFrameworksBuildPhase;
			buildActionMask = 2147483647;
			files = (
				6E0F40091CF145F2009CA26A /* libSDL2.dylib in Frameworks */,
				6E0F400B1CF14D15009CA26A /* libcairo.dylib in Frameworks */,
			);
			runOnlyForDeploymentPostprocessing = 0;
		};
		6E169A701CE436E800C60B0B /* Frameworks */ = {
			isa = PBXFrameworksBuildPhase;
			buildActionMask = 2147483647;
			files = (
				6E169A741CE436E800C60B0B /* Cacao.framework in Frameworks */,
			);
			runOnlyForDeploymentPostprocessing = 0;
		};
/* End PBXFrameworksBuildPhase section */

/* Begin PBXGroup section */
		6E0F3FE41CF13803009CA26A /* Demo */ = {
			isa = PBXGroup;
			children = (
				6E0F3FE51CF1380F009CA26A /* main.swift */,
				6E0F40041CF14248009CA26A /* Application.swift */,
				6E63189C1CFAB7F700894742 /* ContentModeViewController.swift */,
			);
			path = Demo;
			sourceTree = "<group>";
		};
		6E0F3FF81CF139F7009CA26A /* Demo */ = {
			isa = PBXGroup;
			children = (
				6E0F3FFB1CF139F7009CA26A /* Assets.xcassets */,
				6E0F3FFD1CF139F7009CA26A /* MainMenu.xib */,
				6E0F40001CF139F7009CA26A /* Info.plist */,
			);
			path = Demo;
			sourceTree = "<group>";
		};
		6E0F401C1CF196D5009CA26A /* Extra */ = {
			isa = PBXGroup;
			children = (
				6E0F40181CF19652009CA26A /* StyleKit.swift */,
				6E0F401D1CF196E6009CA26A /* SwiftLogoView.swift */,
			);
			name = Extra;
			sourceTree = "<group>";
		};
		6E0F9D381CF05032007FDFC9 /* CacaoTests */ = {
			isa = PBXGroup;
			children = (
				6E0F9D411CF0507A007FDFC9 /* main.swift */,
				6E0F9D391CF05064007FDFC9 /* ScreenTests.swift */,
				6E0F9D3A1CF05064007FDFC9 /* StyleKitTests.swift */,
				6E0F9D3B1CF05064007FDFC9 /* TestStyleKit.swift */,
				6ECBBF2A1CFD934900D50A9E /* FontTests.swift */,
			);
			path = CacaoTests;
			sourceTree = "<group>";
		};
		6E169A5F1CE436E800C60B0B = {
			isa = PBXGroup;
			children = (
				6E0F9D371CF04FF2007FDFC9 /* Package.swift */,
				6EC46E2F1CE476A4002A1F52 /* Dependencies */,
				6E169A831CE4395800C60B0B /* Sources */,
				6E169A6B1CE436E800C60B0B /* Cacao */,
				6E169A771CE436E800C60B0B /* CacaoTests */,
				6E0F3FF81CF139F7009CA26A /* Demo */,
				6E169A6A1CE436E800C60B0B /* Products */,
			);
			sourceTree = "<group>";
		};
		6E169A6A1CE436E800C60B0B /* Products */ = {
			isa = PBXGroup;
			children = (
				6E169A691CE436E800C60B0B /* Cacao.framework */,
				6E169A731CE436E800C60B0B /* CacaoTests.xctest */,
				6E0F3FF71CF139F7009CA26A /* Demo.app */,
			);
			name = Products;
			sourceTree = "<group>";
		};
		6E169A6B1CE436E800C60B0B /* Cacao */ = {
			isa = PBXGroup;
			children = (
				6E169A6C1CE436E800C60B0B /* Cacao.h */,
				6E0F3FE31CF137BE009CA26A /* module.map */,
				6E169A6E1CE436E800C60B0B /* Info.plist */,
				6E031AE21CFC296B004C8431 /* CoreGraphics.swift */,
				6E031AE51CFC2D3C004C8431 /* UIKit.swift */,
			);
			path = Cacao;
			sourceTree = "<group>";
		};
		6E169A771CE436E800C60B0B /* CacaoTests */ = {
			isa = PBXGroup;
			children = (
				6E169A7A1CE436E800C60B0B /* Info.plist */,
			);
			path = CacaoTests;
			sourceTree = "<group>";
		};
		6E169A831CE4395800C60B0B /* Sources */ = {
			isa = PBXGroup;
			children = (
				6E0F3FE41CF13803009CA26A /* Demo */,
				6E0F9D381CF05032007FDFC9 /* CacaoTests */,
				6E169A841CE4395800C60B0B /* Cacao */,
			);
			name = Sources;
			path = ../Sources;
			sourceTree = "<group>";
		};
		6E169A841CE4395800C60B0B /* Cacao */ = {
			isa = PBXGroup;
			children = (
				6E0F9D451CF06C39007FDFC9 /* Application.swift */,
				6E152EC81D00000F009AD6DE /* Appearance.swift */,
				6E6318981CFAAAAA00894742 /* Button.swift */,
				6ECBBF221CFD52F700D50A9E /* CacaoConvertible.swift */,
				6E63188F1CF95C2800894742 /* Event.swift */,
				6E031ACA1CFB7090004C8431 /* Label.swift */,
				6E6318831CF925CD00894742 /* View.swift */,
				6E6318851CF930DD00894742 /* ViewController.swift */,
				6E63188B1CF9321000894742 /* Screen.swift */,
				6E63189A1CFAAF3B00894742 /* ContentView.swift */,
				6E6318921CF9819C00894742 /* TableView.swift */,
				6E6318941CFA327100894742 /* ScrollView.swift */,
				6ECBBF261CFD540F00D50A9E /* Font.swift */,
				6ECBBF241CFD539E00D50A9E /* TextRendering.swift */,
				6E6318911CF9634000894742 /* UIKit */,
				6E0F401C1CF196D5009CA26A /* Extra */,
			);
			path = Cacao;
			sourceTree = "<group>";
		};
		6E6318911CF9634000894742 /* UIKit */ = {
			isa = PBXGroup;
			children = (
				6E63188D1CF93ADE00894742 /* UIView.swift */,
				6ECBBF281CFD5B7F00D50A9E /* UIViewContentMode.swift */,
				6E50416C1CE8F2C90087E9A3 /* UIBezierPath.swift */,
				6E50416D1CE8F2C90087E9A3 /* UIColor.swift */,
				6E50416E1CE8F2C90087E9A3 /* UIGraphics.swift */,
				6E031ACC1CFB794F004C8431 /* UIFont.swift */,
				6E031AE71CFC32A7004C8431 /* NSStringDrawing.swift */,
			);
			name = UIKit;
			sourceTree = "<group>";
		};
		6EC46E2F1CE476A4002A1F52 /* Dependencies */ = {
			isa = PBXGroup;
			children = (
				6EC46E301CE476B6002A1F52 /* Mac */,
			);
			name = Dependencies;
			sourceTree = "<group>";
		};
		6EC46E301CE476B6002A1F52 /* Mac */ = {
			isa = PBXGroup;
			children = (
				6E0F40111CF15525009CA26A /* AppKit.framework */,
				6E0F400A1CF14D15009CA26A /* libcairo.dylib */,
				6E0F40081CF145E5009CA26A /* libSDL2.dylib */,
				6EC46E311CE476B6002A1F52 /* Cairo.framework */,
				6EC46E331CE476B6002A1F52 /* Silica.framework */,
			);
			name = Mac;
			path = ../Carthage/Build/Mac;
			sourceTree = "<group>";
		};
/* End PBXGroup section */

/* Begin PBXHeadersBuildPhase section */
		6E169A661CE436E800C60B0B /* Headers */ = {
			isa = PBXHeadersBuildPhase;
			buildActionMask = 2147483647;
			files = (
				6E169A6D1CE436E800C60B0B /* Cacao.h in Headers */,
			);
			runOnlyForDeploymentPostprocessing = 0;
		};
/* End PBXHeadersBuildPhase section */

/* Begin PBXNativeTarget section */
		6E0F3FF61CF139F7009CA26A /* Demo */ = {
			isa = PBXNativeTarget;
			buildConfigurationList = 6E0F40011CF139F7009CA26A /* Build configuration list for PBXNativeTarget "Demo" */;
			buildPhases = (
				6E0F3FF31CF139F7009CA26A /* Sources */,
				6E0F3FF41CF139F7009CA26A /* Frameworks */,
				6E0F3FF51CF139F7009CA26A /* Resources */,
				6E0F400E1CF15508009CA26A /* CopyFiles */,
			);
			buildRules = (
			);
			dependencies = (
				6E0F400D1CF153B7009CA26A /* PBXTargetDependency */,
			);
			name = Demo;
			productName = Demo;
			productReference = 6E0F3FF71CF139F7009CA26A /* Demo.app */;
			productType = "com.apple.product-type.application";
		};
		6E169A681CE436E800C60B0B /* Cacao */ = {
			isa = PBXNativeTarget;
			buildConfigurationList = 6E169A7D1CE436E800C60B0B /* Build configuration list for PBXNativeTarget "Cacao" */;
			buildPhases = (
				6E169A641CE436E800C60B0B /* Sources */,
				6E169A651CE436E800C60B0B /* Frameworks */,
				6E169A661CE436E800C60B0B /* Headers */,
				6E169A671CE436E800C60B0B /* Resources */,
			);
			buildRules = (
			);
			dependencies = (
			);
			name = Cacao;
			productName = Cacao;
			productReference = 6E169A691CE436E800C60B0B /* Cacao.framework */;
			productType = "com.apple.product-type.framework";
		};
		6E169A721CE436E800C60B0B /* CacaoTests */ = {
			isa = PBXNativeTarget;
			buildConfigurationList = 6E169A801CE436E800C60B0B /* Build configuration list for PBXNativeTarget "CacaoTests" */;
			buildPhases = (
				6E169A6F1CE436E800C60B0B /* Sources */,
				6E169A701CE436E800C60B0B /* Frameworks */,
				6E169A711CE436E800C60B0B /* Resources */,
				6EC46E371CE476C6002A1F52 /* Copy Frameworks */,
			);
			buildRules = (
			);
			dependencies = (
				6E169A761CE436E800C60B0B /* PBXTargetDependency */,
			);
			name = CacaoTests;
			productName = CacaoTests;
			productReference = 6E169A731CE436E800C60B0B /* CacaoTests.xctest */;
			productType = "com.apple.product-type.bundle.unit-test";
		};
/* End PBXNativeTarget section */

/* Begin PBXProject section */
		6E169A601CE436E800C60B0B /* Project object */ = {
			isa = PBXProject;
			attributes = {
				LastSwiftUpdateCheck = 0730;
				LastUpgradeCheck = 0730;
				ORGANIZATIONNAME = PureSwift;
				TargetAttributes = {
					6E0F3FF61CF139F7009CA26A = {
						CreatedOnToolsVersion = 7.3.1;
					};
					6E169A681CE436E800C60B0B = {
						CreatedOnToolsVersion = 7.3.1;
					};
					6E169A721CE436E800C60B0B = {
						CreatedOnToolsVersion = 7.3.1;
					};
				};
			};
			buildConfigurationList = 6E169A631CE436E800C60B0B /* Build configuration list for PBXProject "Cacao" */;
			compatibilityVersion = "Xcode 3.2";
			developmentRegion = English;
			hasScannedForEncodings = 0;
			knownRegions = (
				en,
				Base,
			);
			mainGroup = 6E169A5F1CE436E800C60B0B;
			productRefGroup = 6E169A6A1CE436E800C60B0B /* Products */;
			projectDirPath = "";
			projectRoot = "";
			targets = (
				6E169A681CE436E800C60B0B /* Cacao */,
				6E169A721CE436E800C60B0B /* CacaoTests */,
				6E0F3FF61CF139F7009CA26A /* Demo */,
			);
		};
/* End PBXProject section */

/* Begin PBXResourcesBuildPhase section */
		6E0F3FF51CF139F7009CA26A /* Resources */ = {
			isa = PBXResourcesBuildPhase;
			buildActionMask = 2147483647;
			files = (
				6E0F3FFC1CF139F7009CA26A /* Assets.xcassets in Resources */,
				6E0F3FFF1CF139F7009CA26A /* MainMenu.xib in Resources */,
			);
			runOnlyForDeploymentPostprocessing = 0;
		};
		6E169A671CE436E800C60B0B /* Resources */ = {
			isa = PBXResourcesBuildPhase;
			buildActionMask = 2147483647;
			files = (
			);
			runOnlyForDeploymentPostprocessing = 0;
		};
		6E169A711CE436E800C60B0B /* Resources */ = {
			isa = PBXResourcesBuildPhase;
			buildActionMask = 2147483647;
			files = (
			);
			runOnlyForDeploymentPostprocessing = 0;
		};
/* End PBXResourcesBuildPhase section */

/* Begin PBXSourcesBuildPhase section */
		6E0F3FF31CF139F7009CA26A /* Sources */ = {
			isa = PBXSourcesBuildPhase;
			buildActionMask = 2147483647;
			files = (
				6E0F40061CF1424B009CA26A /* Application.swift in Sources */,
				6E63189E1CFACC5500894742 /* ContentModeViewController.swift in Sources */,
				6E0F40071CF1424D009CA26A /* main.swift in Sources */,
			);
			runOnlyForDeploymentPostprocessing = 0;
		};
		6E169A641CE436E800C60B0B /* Sources */ = {
			isa = PBXSourcesBuildPhase;
			buildActionMask = 2147483647;
			files = (
				6E6318951CFA327100894742 /* ScrollView.swift in Sources */,
				6E63189B1CFAAF3B00894742 /* ContentView.swift in Sources */,
				6E5041761CE8F2C90087E9A3 /* UIGraphics.swift in Sources */,
				6E6318841CF925CD00894742 /* View.swift in Sources */,
				6E5041741CE8F2C90087E9A3 /* UIBezierPath.swift in Sources */,
				6ECBBF231CFD52F700D50A9E /* CacaoConvertible.swift in Sources */,
				6E63188E1CF93ADE00894742 /* UIView.swift in Sources */,
				6E6318901CF95C2800894742 /* Event.swift in Sources */,
				6E031ACD1CFB794F004C8431 /* UIFont.swift in Sources */,
				6E0F401E1CF196E6009CA26A /* SwiftLogoView.swift in Sources */,
				6ECBBF251CFD539E00D50A9E /* TextRendering.swift in Sources */,
				6E6318861CF930DD00894742 /* ViewController.swift in Sources */,
				6ECBBF271CFD540F00D50A9E /* Font.swift in Sources */,
				6E6318931CF9819C00894742 /* TableView.swift in Sources */,
				6E6318991CFAAAAA00894742 /* Button.swift in Sources */,
				6E63188C1CF9321000894742 /* Screen.swift in Sources */,
				6E031AE31CFC296B004C8431 /* CoreGraphics.swift in Sources */,
				6ECBBF291CFD5B7F00D50A9E /* UIViewContentMode.swift in Sources */,
				6E0F9D461CF06C39007FDFC9 /* Application.swift in Sources */,
				6E152EC91D00000F009AD6DE /* Appearance.swift in Sources */,
				6E031AE81CFC32A7004C8431 /* NSStringDrawing.swift in Sources */,
				6E031ACB1CFB7090004C8431 /* Label.swift in Sources */,
				6E0F40191CF19652009CA26A /* StyleKit.swift in Sources */,
				6E5041751CE8F2C90087E9A3 /* UIColor.swift in Sources */,
			);
			runOnlyForDeploymentPostprocessing = 0;
		};
		6E169A6F1CE436E800C60B0B /* Sources */ = {
			isa = PBXSourcesBuildPhase;
			buildActionMask = 2147483647;
			files = (
				6E031AE41CFC29E9004C8431 /* CoreGraphics.swift in Sources */,
				6ECBBF2B1CFD934900D50A9E /* FontTests.swift in Sources */,
				6E0F9D3F1CF05064007FDFC9 /* TestStyleKit.swift in Sources */,
				6E0F9D421CF0507A007FDFC9 /* main.swift in Sources */,
				6E0F9D3E1CF05064007FDFC9 /* StyleKitTests.swift in Sources */,
				6E031AE61CFC2D3C004C8431 /* UIKit.swift in Sources */,
				6E0F9D3D1CF05064007FDFC9 /* ScreenTests.swift in Sources */,
			);
			runOnlyForDeploymentPostprocessing = 0;
		};
/* End PBXSourcesBuildPhase section */

/* Begin PBXTargetDependency section */
		6E0F400D1CF153B7009CA26A /* PBXTargetDependency */ = {
			isa = PBXTargetDependency;
			target = 6E169A681CE436E800C60B0B /* Cacao */;
			targetProxy = 6E0F400C1CF153B7009CA26A /* PBXContainerItemProxy */;
		};
		6E169A761CE436E800C60B0B /* PBXTargetDependency */ = {
			isa = PBXTargetDependency;
			target = 6E169A681CE436E800C60B0B /* Cacao */;
			targetProxy = 6E169A751CE436E800C60B0B /* PBXContainerItemProxy */;
		};
/* End PBXTargetDependency section */

/* Begin PBXVariantGroup section */
		6E0F3FFD1CF139F7009CA26A /* MainMenu.xib */ = {
			isa = PBXVariantGroup;
			children = (
				6E0F3FFE1CF139F7009CA26A /* Base */,
			);
			name = MainMenu.xib;
			sourceTree = "<group>";
		};
/* End PBXVariantGroup section */

/* Begin XCBuildConfiguration section */
		6E0F40021CF139F7009CA26A /* Debug */ = {
			isa = XCBuildConfiguration;
			buildSettings = {
				ASSETCATALOG_COMPILER_APPICON_NAME = AppIcon;
				COMBINE_HIDPI_IMAGES = YES;
				EMBEDDED_CONTENT_CONTAINS_SWIFT = YES;
				INFOPLIST_FILE = Demo/Info.plist;
				LD_RUNPATH_SEARCH_PATHS = "$(inherited) @executable_path/../Frameworks";
				MACOSX_DEPLOYMENT_TARGET = 10.11;
				PRODUCT_BUNDLE_IDENTIFIER = com.pureswift.Demo;
				PRODUCT_NAME = "$(TARGET_NAME)";
			};
			name = Debug;
		};
		6E0F40031CF139F7009CA26A /* Release */ = {
			isa = XCBuildConfiguration;
			buildSettings = {
				ASSETCATALOG_COMPILER_APPICON_NAME = AppIcon;
				COMBINE_HIDPI_IMAGES = YES;
				EMBEDDED_CONTENT_CONTAINS_SWIFT = YES;
				INFOPLIST_FILE = Demo/Info.plist;
				LD_RUNPATH_SEARCH_PATHS = "$(inherited) @executable_path/../Frameworks";
				MACOSX_DEPLOYMENT_TARGET = 10.11;
				PRODUCT_BUNDLE_IDENTIFIER = com.pureswift.Demo;
				PRODUCT_NAME = "$(TARGET_NAME)";
			};
			name = Release;
		};
		6E169A7B1CE436E800C60B0B /* Debug */ = {
			isa = XCBuildConfiguration;
			buildSettings = {
				ALWAYS_SEARCH_USER_PATHS = NO;
				CLANG_ANALYZER_NONNULL = YES;
				CLANG_CXX_LANGUAGE_STANDARD = "gnu++0x";
				CLANG_CXX_LIBRARY = "libc++";
				CLANG_ENABLE_MODULES = YES;
				CLANG_ENABLE_OBJC_ARC = YES;
				CLANG_WARN_BOOL_CONVERSION = YES;
				CLANG_WARN_CONSTANT_CONVERSION = YES;
				CLANG_WARN_DIRECT_OBJC_ISA_USAGE = YES_ERROR;
				CLANG_WARN_EMPTY_BODY = YES;
				CLANG_WARN_ENUM_CONVERSION = YES;
				CLANG_WARN_INT_CONVERSION = YES;
				CLANG_WARN_OBJC_ROOT_CLASS = YES_ERROR;
				CLANG_WARN_UNREACHABLE_CODE = YES;
				CLANG_WARN__DUPLICATE_METHOD_MATCH = YES;
				CODE_SIGN_IDENTITY = "-";
				COPY_PHASE_STRIP = NO;
				CURRENT_PROJECT_VERSION = 1;
				DEBUG_INFORMATION_FORMAT = dwarf;
				ENABLE_STRICT_OBJC_MSGSEND = YES;
				ENABLE_TESTABILITY = YES;
				FRAMEWORK_SEARCH_PATHS = $SRCROOT/../Carthage/Build/Mac;
				GCC_C_LANGUAGE_STANDARD = gnu99;
				GCC_DYNAMIC_NO_PIC = NO;
				GCC_NO_COMMON_BLOCKS = YES;
				GCC_OPTIMIZATION_LEVEL = 0;
				GCC_PREPROCESSOR_DEFINITIONS = (
					"DEBUG=1",
					"$(inherited)",
				);
				GCC_WARN_64_TO_32_BIT_CONVERSION = YES;
				GCC_WARN_ABOUT_RETURN_TYPE = YES_ERROR;
				GCC_WARN_UNDECLARED_SELECTOR = YES;
				GCC_WARN_UNINITIALIZED_AUTOS = YES_AGGRESSIVE;
				GCC_WARN_UNUSED_FUNCTION = YES;
				GCC_WARN_UNUSED_VARIABLE = YES;
				HEADER_SEARCH_PATHS = (
					/usr/local/include,
					/usr/local/include/freetype2,
				);
				LIBRARY_SEARCH_PATHS = /usr/local/lib;
				MACOSX_DEPLOYMENT_TARGET = 10.10;
				MTL_ENABLE_DEBUG_INFO = YES;
				ONLY_ACTIVE_ARCH = YES;
				SDKROOT = macosx;
				SWIFT_OPTIMIZATION_LEVEL = "-Onone";
				VERSIONING_SYSTEM = "apple-generic";
				VERSION_INFO_PREFIX = "";
			};
			name = Debug;
		};
		6E169A7C1CE436E800C60B0B /* Release */ = {
			isa = XCBuildConfiguration;
			buildSettings = {
				ALWAYS_SEARCH_USER_PATHS = NO;
				CLANG_ANALYZER_NONNULL = YES;
				CLANG_CXX_LANGUAGE_STANDARD = "gnu++0x";
				CLANG_CXX_LIBRARY = "libc++";
				CLANG_ENABLE_MODULES = YES;
				CLANG_ENABLE_OBJC_ARC = YES;
				CLANG_WARN_BOOL_CONVERSION = YES;
				CLANG_WARN_CONSTANT_CONVERSION = YES;
				CLANG_WARN_DIRECT_OBJC_ISA_USAGE = YES_ERROR;
				CLANG_WARN_EMPTY_BODY = YES;
				CLANG_WARN_ENUM_CONVERSION = YES;
				CLANG_WARN_INT_CONVERSION = YES;
				CLANG_WARN_OBJC_ROOT_CLASS = YES_ERROR;
				CLANG_WARN_UNREACHABLE_CODE = YES;
				CLANG_WARN__DUPLICATE_METHOD_MATCH = YES;
				CODE_SIGN_IDENTITY = "-";
				COPY_PHASE_STRIP = NO;
				CURRENT_PROJECT_VERSION = 1;
				DEBUG_INFORMATION_FORMAT = "dwarf-with-dsym";
				ENABLE_NS_ASSERTIONS = NO;
				ENABLE_STRICT_OBJC_MSGSEND = YES;
				FRAMEWORK_SEARCH_PATHS = $SRCROOT/../Carthage/Build/Mac;
				GCC_C_LANGUAGE_STANDARD = gnu99;
				GCC_NO_COMMON_BLOCKS = YES;
				GCC_WARN_64_TO_32_BIT_CONVERSION = YES;
				GCC_WARN_ABOUT_RETURN_TYPE = YES_ERROR;
				GCC_WARN_UNDECLARED_SELECTOR = YES;
				GCC_WARN_UNINITIALIZED_AUTOS = YES_AGGRESSIVE;
				GCC_WARN_UNUSED_FUNCTION = YES;
				GCC_WARN_UNUSED_VARIABLE = YES;
				HEADER_SEARCH_PATHS = (
					/usr/local/include,
					/usr/local/include/freetype2,
				);
				LIBRARY_SEARCH_PATHS = /usr/local/lib;
				MACOSX_DEPLOYMENT_TARGET = 10.10;
				MTL_ENABLE_DEBUG_INFO = NO;
				SDKROOT = macosx;
				SWIFT_OPTIMIZATION_LEVEL = "-Owholemodule";
				VERSIONING_SYSTEM = "apple-generic";
				VERSION_INFO_PREFIX = "";
			};
			name = Release;
		};
		6E169A7E1CE436E800C60B0B /* Debug */ = {
			isa = XCBuildConfiguration;
			buildSettings = {
				CLANG_ENABLE_MODULES = YES;
				COMBINE_HIDPI_IMAGES = YES;
				DEFINES_MODULE = YES;
				DYLIB_COMPATIBILITY_VERSION = 1;
				DYLIB_CURRENT_VERSION = 1;
				DYLIB_INSTALL_NAME_BASE = "@rpath";
				FRAMEWORK_VERSION = A;
				INFOPLIST_FILE = Cacao/Info.plist;
				INSTALL_PATH = "$(LOCAL_LIBRARY_DIR)/Frameworks";
				LD_RUNPATH_SEARCH_PATHS = "$(inherited) @executable_path/../Frameworks @loader_path/Frameworks";
				PRODUCT_BUNDLE_IDENTIFIER = com.pureswift.Cacao;
				PRODUCT_NAME = "$(TARGET_NAME)";
				SKIP_INSTALL = YES;
				SWIFT_INCLUDE_PATHS = $SRCROOT;
				SWIFT_OPTIMIZATION_LEVEL = "-Onone";
			};
			name = Debug;
		};
		6E169A7F1CE436E800C60B0B /* Release */ = {
			isa = XCBuildConfiguration;
			buildSettings = {
				CLANG_ENABLE_MODULES = YES;
				COMBINE_HIDPI_IMAGES = YES;
				DEFINES_MODULE = YES;
				DYLIB_COMPATIBILITY_VERSION = 1;
				DYLIB_CURRENT_VERSION = 1;
				DYLIB_INSTALL_NAME_BASE = "@rpath";
				FRAMEWORK_VERSION = A;
				INFOPLIST_FILE = Cacao/Info.plist;
				INSTALL_PATH = "$(LOCAL_LIBRARY_DIR)/Frameworks";
				LD_RUNPATH_SEARCH_PATHS = "$(inherited) @executable_path/../Frameworks @loader_path/Frameworks";
				PRODUCT_BUNDLE_IDENTIFIER = com.pureswift.Cacao;
				PRODUCT_NAME = "$(TARGET_NAME)";
				SKIP_INSTALL = YES;
				SWIFT_INCLUDE_PATHS = $SRCROOT;
			};
			name = Release;
		};
		6E169A811CE436E800C60B0B /* Debug */ = {
			isa = XCBuildConfiguration;
			buildSettings = {
				CLANG_ENABLE_MODULES = YES;
				COMBINE_HIDPI_IMAGES = YES;
				INFOPLIST_FILE = CacaoTests/Info.plist;
				LD_RUNPATH_SEARCH_PATHS = "$(inherited) @executable_path/../Frameworks @loader_path/../Frameworks";
				PRODUCT_BUNDLE_IDENTIFIER = com.pureswift.CacaoTests;
				PRODUCT_NAME = "$(TARGET_NAME)";
				SWIFT_OPTIMIZATION_LEVEL = "-Onone";
			};
			name = Debug;
		};
		6E169A821CE436E800C60B0B /* Release */ = {
			isa = XCBuildConfiguration;
			buildSettings = {
				CLANG_ENABLE_MODULES = YES;
				COMBINE_HIDPI_IMAGES = YES;
				INFOPLIST_FILE = CacaoTests/Info.plist;
				LD_RUNPATH_SEARCH_PATHS = "$(inherited) @executable_path/../Frameworks @loader_path/../Frameworks";
				PRODUCT_BUNDLE_IDENTIFIER = com.pureswift.CacaoTests;
				PRODUCT_NAME = "$(TARGET_NAME)";
			};
			name = Release;
		};
/* End XCBuildConfiguration section */

/* Begin XCConfigurationList section */
		6E0F40011CF139F7009CA26A /* Build configuration list for PBXNativeTarget "Demo" */ = {
			isa = XCConfigurationList;
			buildConfigurations = (
				6E0F40021CF139F7009CA26A /* Debug */,
				6E0F40031CF139F7009CA26A /* Release */,
			);
			defaultConfigurationIsVisible = 0;
			defaultConfigurationName = Release;
		};
		6E169A631CE436E800C60B0B /* Build configuration list for PBXProject "Cacao" */ = {
			isa = XCConfigurationList;
			buildConfigurations = (
				6E169A7B1CE436E800C60B0B /* Debug */,
				6E169A7C1CE436E800C60B0B /* Release */,
			);
			defaultConfigurationIsVisible = 0;
			defaultConfigurationName = Release;
		};
		6E169A7D1CE436E800C60B0B /* Build configuration list for PBXNativeTarget "Cacao" */ = {
			isa = XCConfigurationList;
			buildConfigurations = (
				6E169A7E1CE436E800C60B0B /* Debug */,
				6E169A7F1CE436E800C60B0B /* Release */,
			);
			defaultConfigurationIsVisible = 0;
			defaultConfigurationName = Release;
		};
		6E169A801CE436E800C60B0B /* Build configuration list for PBXNativeTarget "CacaoTests" */ = {
			isa = XCConfigurationList;
			buildConfigurations = (
				6E169A811CE436E800C60B0B /* Debug */,
				6E169A821CE436E800C60B0B /* Release */,
			);
			defaultConfigurationIsVisible = 0;
			defaultConfigurationName = Release;
		};
/* End XCConfigurationList section */
	};
	rootObject = 6E169A601CE436E800C60B0B /* Project object */;
}
