// !$*UTF8*$!
{
	archiveVersion = 1;
	classes = {
	};
	objectVersion = 48;
	objects = {

/* Begin PBXBuildFile section */
		6E00A8AE1FCB1BD800005FCC /* Assets.xcassets in Resources */ = {isa = PBXBuildFile; fileRef = 6E00A8AD1FCB1BD800005FCC /* Assets.xcassets */; };
		6E00A8B31FCB1BFB00005FCC /* AppDelegate.swift in Sources */ = {isa = PBXBuildFile; fileRef = 6E9366F11FC11FA800854A61 /* AppDelegate.swift */; };
		6E00A8B41FCB1BFB00005FCC /* ContentModeViewController.swift in Sources */ = {isa = PBXBuildFile; fileRef = 6E9366F21FC11FA800854A61 /* ContentModeViewController.swift */; };
		6E00A8B51FCB1BFB00005FCC /* main.swift in Sources */ = {isa = PBXBuildFile; fileRef = 6E9366F31FC11FA800854A61 /* main.swift */; };
		6E00A8B61FCB1BFB00005FCC /* ScrollViewController.swift in Sources */ = {isa = PBXBuildFile; fileRef = 6E9366F41FC11FA800854A61 /* ScrollViewController.swift */; };
		6E00A8B71FCB1BFB00005FCC /* SwiftLogoView.swift in Sources */ = {isa = PBXBuildFile; fileRef = 6E9366F51FC11FA800854A61 /* SwiftLogoView.swift */; };
		6E00A8B91FCB1BFB00005FCC /* TableViewController.swift in Sources */ = {isa = PBXBuildFile; fileRef = 6E9366F71FC11FA800854A61 /* TableViewController.swift */; };
		6E00A8BC1FCB1DCE00005FCC /* Main.storyboard in Resources */ = {isa = PBXBuildFile; fileRef = 6E00A8BB1FCB1DCE00005FCC /* Main.storyboard */; };
		6E9366E91FC11F7E00854A61 /* LaunchScreen.storyboard in Resources */ = {isa = PBXBuildFile; fileRef = 6E9366E71FC11F7E00854A61 /* LaunchScreen.storyboard */; };
		6E9366F81FC11FA800854A61 /* AppDelegate.swift in Sources */ = {isa = PBXBuildFile; fileRef = 6E9366F11FC11FA800854A61 /* AppDelegate.swift */; };
		6E9366F91FC11FA800854A61 /* ContentModeViewController.swift in Sources */ = {isa = PBXBuildFile; fileRef = 6E9366F21FC11FA800854A61 /* ContentModeViewController.swift */; };
		6E9366FB1FC11FA800854A61 /* ScrollViewController.swift in Sources */ = {isa = PBXBuildFile; fileRef = 6E9366F41FC11FA800854A61 /* ScrollViewController.swift */; };
		6E9366FC1FC11FA800854A61 /* SwiftLogoView.swift in Sources */ = {isa = PBXBuildFile; fileRef = 6E9366F51FC11FA800854A61 /* SwiftLogoView.swift */; };
		6E9366FD1FC11FA800854A61 /* SwitchViewController.swift in Sources */ = {isa = PBXBuildFile; fileRef = 6E9366F61FC11FA800854A61 /* SwitchViewController.swift */; };
		6E9366FE1FC11FA800854A61 /* TableViewController.swift in Sources */ = {isa = PBXBuildFile; fileRef = 6E9366F71FC11FA800854A61 /* TableViewController.swift */; };
		6E9366FF1FC1286100854A61 /* main.swift in Sources */ = {isa = PBXBuildFile; fileRef = 6E9366F31FC11FA800854A61 /* main.swift */; };
/* End PBXBuildFile section */

/* Begin PBXFileReference section */
		6E00A8A41FCB1BD800005FCC /* CacaoDemoTV.app */ = {isa = PBXFileReference; explicitFileType = wrapper.application; includeInIndex = 0; path = CacaoDemoTV.app; sourceTree = BUILT_PRODUCTS_DIR; };
		6E00A8AD1FCB1BD800005FCC /* Assets.xcassets */ = {isa = PBXFileReference; lastKnownFileType = folder.assetcatalog; path = Assets.xcassets; sourceTree = "<group>"; };
		6E00A8AF1FCB1BD800005FCC /* Info.plist */ = {isa = PBXFileReference; lastKnownFileType = text.plist.xml; path = Info.plist; sourceTree = "<group>"; };
		6E00A8BB1FCB1DCE00005FCC /* Main.storyboard */ = {isa = PBXFileReference; fileEncoding = 4; lastKnownFileType = file.storyboard; path = Main.storyboard; sourceTree = "<group>"; };
		6E9366DB1FC11F7E00854A61 /* CacaoDemo.app */ = {isa = PBXFileReference; explicitFileType = wrapper.application; includeInIndex = 0; path = CacaoDemo.app; sourceTree = BUILT_PRODUCTS_DIR; };
		6E9366E81FC11F7E00854A61 /* Base */ = {isa = PBXFileReference; lastKnownFileType = file.storyboard; name = Base; path = Base.lproj/LaunchScreen.storyboard; sourceTree = "<group>"; };
		6E9366EA1FC11F7E00854A61 /* Info.plist */ = {isa = PBXFileReference; lastKnownFileType = text.plist.xml; path = Info.plist; sourceTree = "<group>"; };
		6E9366F11FC11FA800854A61 /* AppDelegate.swift */ = {isa = PBXFileReference; fileEncoding = 4; lastKnownFileType = sourcecode.swift; path = AppDelegate.swift; sourceTree = "<group>"; };
		6E9366F21FC11FA800854A61 /* ContentModeViewController.swift */ = {isa = PBXFileReference; fileEncoding = 4; lastKnownFileType = sourcecode.swift; path = ContentModeViewController.swift; sourceTree = "<group>"; };
		6E9366F31FC11FA800854A61 /* main.swift */ = {isa = PBXFileReference; fileEncoding = 4; lastKnownFileType = sourcecode.swift; path = main.swift; sourceTree = "<group>"; };
		6E9366F41FC11FA800854A61 /* ScrollViewController.swift */ = {isa = PBXFileReference; fileEncoding = 4; lastKnownFileType = sourcecode.swift; path = ScrollViewController.swift; sourceTree = "<group>"; };
		6E9366F51FC11FA800854A61 /* SwiftLogoView.swift */ = {isa = PBXFileReference; fileEncoding = 4; lastKnownFileType = sourcecode.swift; path = SwiftLogoView.swift; sourceTree = "<group>"; };
		6E9366F61FC11FA800854A61 /* SwitchViewController.swift */ = {isa = PBXFileReference; fileEncoding = 4; lastKnownFileType = sourcecode.swift; path = SwitchViewController.swift; sourceTree = "<group>"; };
		6E9366F71FC11FA800854A61 /* TableViewController.swift */ = {isa = PBXFileReference; fileEncoding = 4; lastKnownFileType = sourcecode.swift; path = TableViewController.swift; sourceTree = "<group>"; };
/* End PBXFileReference section */

/* Begin PBXFrameworksBuildPhase section */
		6E00A8A11FCB1BD800005FCC /* Frameworks */ = {
			isa = PBXFrameworksBuildPhase;
			buildActionMask = 2147483647;
			files = (
			);
			runOnlyForDeploymentPostprocessing = 0;
		};
		6E9366D81FC11F7E00854A61 /* Frameworks */ = {
			isa = PBXFrameworksBuildPhase;
			buildActionMask = 2147483647;
			files = (
			);
			runOnlyForDeploymentPostprocessing = 0;
		};
/* End PBXFrameworksBuildPhase section */

/* Begin PBXGroup section */
		6E00A8A51FCB1BD800005FCC /* CacaoDemoTV */ = {
			isa = PBXGroup;
			children = (
				6E00A8BB1FCB1DCE00005FCC /* Main.storyboard */,
				6E00A8AD1FCB1BD800005FCC /* Assets.xcassets */,
				6E00A8AF1FCB1BD800005FCC /* Info.plist */,
			);
			path = CacaoDemoTV;
			sourceTree = "<group>";
		};
		6E9366D21FC11F7E00854A61 = {
			isa = PBXGroup;
			children = (
				6E9366DD1FC11F7E00854A61 /* CacaoDemo */,
				6E00A8A51FCB1BD800005FCC /* CacaoDemoTV */,
				6E9366DC1FC11F7E00854A61 /* Products */,
			);
			sourceTree = "<group>";
		};
		6E9366DC1FC11F7E00854A61 /* Products */ = {
			isa = PBXGroup;
			children = (
				6E9366DB1FC11F7E00854A61 /* CacaoDemo.app */,
				6E00A8A41FCB1BD800005FCC /* CacaoDemoTV.app */,
			);
			name = Products;
			sourceTree = "<group>";
		};
		6E9366DD1FC11F7E00854A61 /* CacaoDemo */ = {
			isa = PBXGroup;
			children = (
				6E9366F01FC11FA800854A61 /* Sources */,
				6E9366E71FC11F7E00854A61 /* LaunchScreen.storyboard */,
				6E9366EA1FC11F7E00854A61 /* Info.plist */,
			);
			path = CacaoDemo;
			sourceTree = "<group>";
		};
		6E9366F01FC11FA800854A61 /* Sources */ = {
			isa = PBXGroup;
			children = (
				6E9366F11FC11FA800854A61 /* AppDelegate.swift */,
				6E9366F21FC11FA800854A61 /* ContentModeViewController.swift */,
				6E9366F31FC11FA800854A61 /* main.swift */,
				6E9366F41FC11FA800854A61 /* ScrollViewController.swift */,
				6E9366F51FC11FA800854A61 /* SwiftLogoView.swift */,
				6E9366F61FC11FA800854A61 /* SwitchViewController.swift */,
				6E9366F71FC11FA800854A61 /* TableViewController.swift */,
			);
			name = Sources;
			path = ../../../Sources/CacaoDemo;
			sourceTree = "<group>";
		};
/* End PBXGroup section */

/* Begin PBXNativeTarget section */
		6E00A8A31FCB1BD800005FCC /* CacaoDemoTV */ = {
			isa = PBXNativeTarget;
			buildConfigurationList = 6E00A8B21FCB1BD800005FCC /* Build configuration list for PBXNativeTarget "CacaoDemoTV" */;
			buildPhases = (
				6E00A8A01FCB1BD800005FCC /* Sources */,
				6E00A8A11FCB1BD800005FCC /* Frameworks */,
				6E00A8A21FCB1BD800005FCC /* Resources */,
			);
			buildRules = (
			);
			dependencies = (
			);
			name = CacaoDemoTV;
			productName = CacaoDemoTV;
			productReference = 6E00A8A41FCB1BD800005FCC /* CacaoDemoTV.app */;
			productType = "com.apple.product-type.application";
		};
		6E9366DA1FC11F7E00854A61 /* CacaoDemo */ = {
			isa = PBXNativeTarget;
			buildConfigurationList = 6E9366ED1FC11F7E00854A61 /* Build configuration list for PBXNativeTarget "CacaoDemo" */;
			buildPhases = (
				6E9366D71FC11F7E00854A61 /* Sources */,
				6E9366D81FC11F7E00854A61 /* Frameworks */,
				6E9366D91FC11F7E00854A61 /* Resources */,
			);
			buildRules = (
			);
			dependencies = (
			);
			name = CacaoDemo;
			productName = CacaoDemo;
			productReference = 6E9366DB1FC11F7E00854A61 /* CacaoDemo.app */;
			productType = "com.apple.product-type.application";
		};
/* End PBXNativeTarget section */

/* Begin PBXProject section */
		6E9366D31FC11F7E00854A61 /* Project object */ = {
			isa = PBXProject;
			attributes = {
				LastSwiftUpdateCheck = 0910;
				LastUpgradeCheck = 0910;
				ORGANIZATIONNAME = PureSwift;
				TargetAttributes = {
					6E00A8A31FCB1BD800005FCC = {
						CreatedOnToolsVersion = 9.1;
						ProvisioningStyle = Automatic;
					};
					6E9366DA1FC11F7E00854A61 = {
						CreatedOnToolsVersion = 9.1;
						ProvisioningStyle = Automatic;
					};
				};
			};
			buildConfigurationList = 6E9366D61FC11F7E00854A61 /* Build configuration list for PBXProject "CacaoDemo" */;
			compatibilityVersion = "Xcode 8.0";
			developmentRegion = en;
			hasScannedForEncodings = 0;
			knownRegions = (
				en,
				Base,
			);
			mainGroup = 6E9366D21FC11F7E00854A61;
			productRefGroup = 6E9366DC1FC11F7E00854A61 /* Products */;
			projectDirPath = "";
			projectRoot = "";
			targets = (
				6E9366DA1FC11F7E00854A61 /* CacaoDemo */,
				6E00A8A31FCB1BD800005FCC /* CacaoDemoTV */,
			);
		};
/* End PBXProject section */

/* Begin PBXResourcesBuildPhase section */
		6E00A8A21FCB1BD800005FCC /* Resources */ = {
			isa = PBXResourcesBuildPhase;
			buildActionMask = 2147483647;
			files = (
				6E00A8AE1FCB1BD800005FCC /* Assets.xcassets in Resources */,
				6E00A8BC1FCB1DCE00005FCC /* Main.storyboard in Resources */,
			);
			runOnlyForDeploymentPostprocessing = 0;
		};
		6E9366D91FC11F7E00854A61 /* Resources */ = {
			isa = PBXResourcesBuildPhase;
			buildActionMask = 2147483647;
			files = (
				6E9366E91FC11F7E00854A61 /* LaunchScreen.storyboard in Resources */,
			);
			runOnlyForDeploymentPostprocessing = 0;
		};
/* End PBXResourcesBuildPhase section */

/* Begin PBXSourcesBuildPhase section */
		6E00A8A01FCB1BD800005FCC /* Sources */ = {
			isa = PBXSourcesBuildPhase;
			buildActionMask = 2147483647;
			files = (
				6E00A8B91FCB1BFB00005FCC /* TableViewController.swift in Sources */,
				6E00A8B31FCB1BFB00005FCC /* AppDelegate.swift in Sources */,
				6E00A8B41FCB1BFB00005FCC /* ContentModeViewController.swift in Sources */,
				6E00A8B51FCB1BFB00005FCC /* main.swift in Sources */,
				6E00A8B61FCB1BFB00005FCC /* ScrollViewController.swift in Sources */,
				6E00A8B71FCB1BFB00005FCC /* SwiftLogoView.swift in Sources */,
			);
			runOnlyForDeploymentPostprocessing = 0;
		};
		6E9366D71FC11F7E00854A61 /* Sources */ = {
			isa = PBXSourcesBuildPhase;
			buildActionMask = 2147483647;
			files = (
				6E9366FD1FC11FA800854A61 /* SwitchViewController.swift in Sources */,
				6E9366FF1FC1286100854A61 /* main.swift in Sources */,
				6E9366FE1FC11FA800854A61 /* TableViewController.swift in Sources */,
				6E9366F81FC11FA800854A61 /* AppDelegate.swift in Sources */,
				6E9366F91FC11FA800854A61 /* ContentModeViewController.swift in Sources */,
				6E9366FB1FC11FA800854A61 /* ScrollViewController.swift in Sources */,
				6E9366FC1FC11FA800854A61 /* SwiftLogoView.swift in Sources */,
			);
			runOnlyForDeploymentPostprocessing = 0;
		};
/* End PBXSourcesBuildPhase section */

/* Begin PBXVariantGroup section */
		6E9366E71FC11F7E00854A61 /* LaunchScreen.storyboard */ = {
			isa = PBXVariantGroup;
			children = (
				6E9366E81FC11F7E00854A61 /* Base */,
			);
			name = LaunchScreen.storyboard;
			sourceTree = "<group>";
		};
/* End PBXVariantGroup section */

/* Begin XCBuildConfiguration section */
		6E00A8B01FCB1BD800005FCC /* Debug */ = {
			isa = XCBuildConfiguration;
			buildSettings = {
				ASSETCATALOG_COMPILER_APPICON_NAME = "App Icon & Top Shelf Image";
				ASSETCATALOG_COMPILER_LAUNCHIMAGE_NAME = LaunchImage;
				CODE_SIGN_STYLE = Automatic;
				INFOPLIST_FILE = CacaoDemoTV/Info.plist;
				LD_RUNPATH_SEARCH_PATHS = "$(inherited) @executable_path/Frameworks";
				PRODUCT_BUNDLE_IDENTIFIER = org.pureswift.CacaoDemoTV;
				PRODUCT_NAME = "$(TARGET_NAME)";
				SDKROOT = appletvos;
				SWIFT_VERSION = 4.0;
				TARGETED_DEVICE_FAMILY = 3;
				TVOS_DEPLOYMENT_TARGET = 11.1;
			};
			name = Debug;
		};
		6E00A8B11FCB1BD800005FCC /* Release */ = {
			isa = XCBuildConfiguration;
			buildSettings = {
				ASSETCATALOG_COMPILER_APPICON_NAME = "App Icon & Top Shelf Image";
				ASSETCATALOG_COMPILER_LAUNCHIMAGE_NAME = LaunchImage;
				CODE_SIGN_STYLE = Automatic;
				INFOPLIST_FILE = CacaoDemoTV/Info.plist;
				LD_RUNPATH_SEARCH_PATHS = "$(inherited) @executable_path/Frameworks";
				PRODUCT_BUNDLE_IDENTIFIER = org.pureswift.CacaoDemoTV;
				PRODUCT_NAME = "$(TARGET_NAME)";
				SDKROOT = appletvos;
				SWIFT_VERSION = 4.0;
				TARGETED_DEVICE_FAMILY = 3;
				TVOS_DEPLOYMENT_TARGET = 11.1;
			};
			name = Release;
		};
		6E9366EB1FC11F7E00854A61 /* Debug */ = {
			isa = XCBuildConfiguration;
			buildSettings = {
				ALWAYS_SEARCH_USER_PATHS = NO;
				CLANG_ANALYZER_NONNULL = YES;
				CLANG_ANALYZER_NUMBER_OBJECT_CONVERSION = YES_AGGRESSIVE;
				CLANG_CXX_LANGUAGE_STANDARD = "gnu++14";
				CLANG_CXX_LIBRARY = "libc++";
				CLANG_ENABLE_MODULES = YES;
				CLANG_ENABLE_OBJC_ARC = YES;
				CLANG_WARN_BLOCK_CAPTURE_AUTORELEASING = YES;
				CLANG_WARN_BOOL_CONVERSION = YES;
				CLANG_WARN_COMMA = YES;
				CLANG_WARN_CONSTANT_CONVERSION = YES;
				CLANG_WARN_DIRECT_OBJC_ISA_USAGE = YES_ERROR;
				CLANG_WARN_DOCUMENTATION_COMMENTS = YES;
				CLANG_WARN_EMPTY_BODY = YES;
				CLANG_WARN_ENUM_CONVERSION = YES;
				CLANG_WARN_INFINITE_RECURSION = YES;
				CLANG_WARN_INT_CONVERSION = YES;
				CLANG_WARN_NON_LITERAL_NULL_CONVERSION = YES;
				CLANG_WARN_OBJC_LITERAL_CONVERSION = YES;
				CLANG_WARN_OBJC_ROOT_CLASS = YES_ERROR;
				CLANG_WARN_RANGE_LOOP_ANALYSIS = YES;
				CLANG_WARN_STRICT_PROTOTYPES = YES;
				CLANG_WARN_SUSPICIOUS_MOVE = YES;
				CLANG_WARN_UNGUARDED_AVAILABILITY = YES_AGGRESSIVE;
				CLANG_WARN_UNREACHABLE_CODE = YES;
				CLANG_WARN__DUPLICATE_METHOD_MATCH = YES;
				CODE_SIGN_IDENTITY = "iPhone Developer";
				COPY_PHASE_STRIP = NO;
				DEBUG_INFORMATION_FORMAT = dwarf;
				ENABLE_STRICT_OBJC_MSGSEND = YES;
				ENABLE_TESTABILITY = YES;
				GCC_C_LANGUAGE_STANDARD = gnu11;
				GCC_DYNAMIC_NO_PIC = NO;
				GCC_NO_COMMON_BLOCKS = YES;
				GCC_OPTIMIZATION_LEVEL = 0;
				GCC_PREPROCESSOR_DEFINITIONS = (
					"DEBUG=1",
					"$(inherited)",
				);
				GCC_WARN_64_TO_32_BIT_CONVERSION = YES;
				GCC_WARN_ABOUT_RETURN_TYPE = YES_ERROR;
				GCC_WARN_UNDECLARED_SELECTOR = YES;
				GCC_WARN_UNINITIALIZED_AUTOS = YES_AGGRESSIVE;
				GCC_WARN_UNUSED_FUNCTION = YES;
				GCC_WARN_UNUSED_VARIABLE = YES;
				IPHONEOS_DEPLOYMENT_TARGET = 11.1;
				MTL_ENABLE_DEBUG_INFO = YES;
				ONLY_ACTIVE_ARCH = YES;
				SDKROOT = iphoneos;
				SWIFT_ACTIVE_COMPILATION_CONDITIONS = DEBUG;
				SWIFT_OPTIMIZATION_LEVEL = "-Onone";
				SWIFT_VERSION = 4.0;
			};
			name = Debug;
		};
		6E9366EC1FC11F7E00854A61 /* Release */ = {
			isa = XCBuildConfiguration;
			buildSettings = {
				ALWAYS_SEARCH_USER_PATHS = NO;
				CLANG_ANALYZER_NONNULL = YES;
				CLANG_ANALYZER_NUMBER_OBJECT_CONVERSION = YES_AGGRESSIVE;
				CLANG_CXX_LANGUAGE_STANDARD = "gnu++14";
				CLANG_CXX_LIBRARY = "libc++";
				CLANG_ENABLE_MODULES = YES;
				CLANG_ENABLE_OBJC_ARC = YES;
				CLANG_WARN_BLOCK_CAPTURE_AUTORELEASING = YES;
				CLANG_WARN_BOOL_CONVERSION = YES;
				CLANG_WARN_COMMA = YES;
				CLANG_WARN_CONSTANT_CONVERSION = YES;
				CLANG_WARN_DIRECT_OBJC_ISA_USAGE = YES_ERROR;
				CLANG_WARN_DOCUMENTATION_COMMENTS = YES;
				CLANG_WARN_EMPTY_BODY = YES;
				CLANG_WARN_ENUM_CONVERSION = YES;
				CLANG_WARN_INFINITE_RECURSION = YES;
				CLANG_WARN_INT_CONVERSION = YES;
				CLANG_WARN_NON_LITERAL_NULL_CONVERSION = YES;
				CLANG_WARN_OBJC_LITERAL_CONVERSION = YES;
				CLANG_WARN_OBJC_ROOT_CLASS = YES_ERROR;
				CLANG_WARN_RANGE_LOOP_ANALYSIS = YES;
				CLANG_WARN_STRICT_PROTOTYPES = YES;
				CLANG_WARN_SUSPICIOUS_MOVE = YES;
				CLANG_WARN_UNGUARDED_AVAILABILITY = YES_AGGRESSIVE;
				CLANG_WARN_UNREACHABLE_CODE = YES;
				CLANG_WARN__DUPLICATE_METHOD_MATCH = YES;
				CODE_SIGN_IDENTITY = "iPhone Developer";
				COPY_PHASE_STRIP = NO;
				DEBUG_INFORMATION_FORMAT = "dwarf-with-dsym";
				ENABLE_NS_ASSERTIONS = NO;
				ENABLE_STRICT_OBJC_MSGSEND = YES;
				GCC_C_LANGUAGE_STANDARD = gnu11;
				GCC_NO_COMMON_BLOCKS = YES;
				GCC_WARN_64_TO_32_BIT_CONVERSION = YES;
				GCC_WARN_ABOUT_RETURN_TYPE = YES_ERROR;
				GCC_WARN_UNDECLARED_SELECTOR = YES;
				GCC_WARN_UNINITIALIZED_AUTOS = YES_AGGRESSIVE;
				GCC_WARN_UNUSED_FUNCTION = YES;
				GCC_WARN_UNUSED_VARIABLE = YES;
				IPHONEOS_DEPLOYMENT_TARGET = 11.1;
				MTL_ENABLE_DEBUG_INFO = NO;
				SDKROOT = iphoneos;
				SWIFT_OPTIMIZATION_LEVEL = "-Owholemodule";
				SWIFT_VERSION = 4.0;
				VALIDATE_PRODUCT = YES;
			};
			name = Release;
		};
		6E9366EE1FC11F7E00854A61 /* Debug */ = {
			isa = XCBuildConfiguration;
			buildSettings = {
				ASSETCATALOG_COMPILER_APPICON_NAME = AppIcon;
				CODE_SIGN_STYLE = Automatic;
				INFOPLIST_FILE = CacaoDemo/Info.plist;
				LD_RUNPATH_SEARCH_PATHS = "$(inherited) @executable_path/Frameworks";
				PRODUCT_BUNDLE_IDENTIFIER = org.pureswift.CacaoDemo;
				PRODUCT_NAME = "$(TARGET_NAME)";
				TARGETED_DEVICE_FAMILY = "1,2";
			};
			name = Debug;
		};
		6E9366EF1FC11F7E00854A61 /* Release */ = {
			isa = XCBuildConfiguration;
			buildSettings = {
				ASSETCATALOG_COMPILER_APPICON_NAME = AppIcon;
				CODE_SIGN_STYLE = Automatic;
				INFOPLIST_FILE = CacaoDemo/Info.plist;
				LD_RUNPATH_SEARCH_PATHS = "$(inherited) @executable_path/Frameworks";
				PRODUCT_BUNDLE_IDENTIFIER = org.pureswift.CacaoDemo;
				PRODUCT_NAME = "$(TARGET_NAME)";
				TARGETED_DEVICE_FAMILY = "1,2";
			};
			name = Release;
		};
/* End XCBuildConfiguration section */

/* Begin XCConfigurationList section */
		6E00A8B21FCB1BD800005FCC /* Build configuration list for PBXNativeTarget "CacaoDemoTV" */ = {
			isa = XCConfigurationList;
			buildConfigurations = (
				6E00A8B01FCB1BD800005FCC /* Debug */,
				6E00A8B11FCB1BD800005FCC /* Release */,
			);
			defaultConfigurationIsVisible = 0;
			defaultConfigurationName = Release;
		};
		6E9366D61FC11F7E00854A61 /* Build configuration list for PBXProject "CacaoDemo" */ = {
			isa = XCConfigurationList;
			buildConfigurations = (
				6E9366EB1FC11F7E00854A61 /* Debug */,
				6E9366EC1FC11F7E00854A61 /* Release */,
			);
			defaultConfigurationIsVisible = 0;
			defaultConfigurationName = Release;
		};
		6E9366ED1FC11F7E00854A61 /* Build configuration list for PBXNativeTarget "CacaoDemo" */ = {
			isa = XCConfigurationList;
			buildConfigurations = (
				6E9366EE1FC11F7E00854A61 /* Debug */,
				6E9366EF1FC11F7E00854A61 /* Release */,
			);
			defaultConfigurationIsVisible = 0;
			defaultConfigurationName = Release;
		};
/* End XCConfigurationList section */
	};
	rootObject = 6E9366D31FC11F7E00854A61 /* Project object */;
}
