// !$*UTF8*$!
{
	archiveVersion = 1;
	classes = {
	};
	objectVersion = 48;
	objects = {

/* Begin PBXBuildFile section */
		6E00A8AE1FCB1BD800005FCC /* Assets.xcassets in Resources */ = {isa = PBXBuildFile; fileRef = 6E00A8AD1FCB1BD800005FCC /* Assets.xcassets */; };
		6E00A8B31FCB1BFB00005FCC /* AppDelegate.swift in Sources */ = {isa = PBXBuildFile; fileRef = 6E9366F11FC11FA800854A61 /* AppDelegate.swift */; };
		6E00A8B41FCB1BFB00005FCC /* ContentModeViewController.swift in Sources */ = {isa = PBXBuildFile; fileRef = 6E9366F21FC11FA800854A61 /* ContentModeViewController.swift */; };
		6E00A8B61FCB1BFB00005FCC /* ScrollViewController.swift in Sources */ = {isa = PBXBuildFile; fileRef = 6E9366F41FC11FA800854A61 /* ScrollViewController.swift */; };
		6E00A8B71FCB1BFB00005FCC /* SwiftLogoView.swift in Sources */ = {isa = PBXBuildFile; fileRef = 6E9366F51FC11FA800854A61 /* SwiftLogoView.swift */; };
		6E00A8B91FCB1BFB00005FCC /* TableViewController.swift in Sources */ = {isa = PBXBuildFile; fileRef = 6E9366F71FC11FA800854A61 /* TableViewController.swift */; };
		6E00A8BC1FCB1DCE00005FCC /* Main.storyboard in Resources */ = {isa = PBXBuildFile; fileRef = 6E00A8BB1FCB1DCE00005FCC /* Main.storyboard */; };
		6E45B71421A1217C00DC3DC9 /* UIScrollView.swift in Sources */ = {isa = PBXBuildFile; fileRef = 6E45B6F0219FD1A700DC3DC9 /* UIScrollView.swift */; };
		6E45B71521A12A0A00DC3DC9 /* UITableView.swift in Sources */ = {isa = PBXBuildFile; fileRef = 6E45B6F4219FD1A700DC3DC9 /* UITableView.swift */; };
		6E45B71621A12A1200DC3DC9 /* UITableViewCell.swift in Sources */ = {isa = PBXBuildFile; fileRef = 6E45B6F5219FD1A700DC3DC9 /* UITableViewCell.swift */; };
		6E45B71721A12A2A00DC3DC9 /* UITableViewController.swift in Sources */ = {isa = PBXBuildFile; fileRef = 6E45B6F6219FD1A700DC3DC9 /* UITableViewController.swift */; };
		6E45B71821A12A2E00DC3DC9 /* UITableViewHeaderFooterView.swift in Sources */ = {isa = PBXBuildFile; fileRef = 6E45B6F7219FD1A700DC3DC9 /* UITableViewHeaderFooterView.swift */; };
		6E45B71921A12C5000DC3DC9 /* TableViewController.swift in Sources */ = {isa = PBXBuildFile; fileRef = 6E9366F71FC11FA800854A61 /* TableViewController.swift */; };
		6E9366E91FC11F7E00854A61 /* LaunchScreen.storyboard in Resources */ = {isa = PBXBuildFile; fileRef = 6E9366E71FC11F7E00854A61 /* LaunchScreen.storyboard */; };
		6E9366F81FC11FA800854A61 /* AppDelegate.swift in Sources */ = {isa = PBXBuildFile; fileRef = 6E9366F11FC11FA800854A61 /* AppDelegate.swift */; };
		6E9366F91FC11FA800854A61 /* ContentModeViewController.swift in Sources */ = {isa = PBXBuildFile; fileRef = 6E9366F21FC11FA800854A61 /* ContentModeViewController.swift */; };
		6E9366FB1FC11FA800854A61 /* ScrollViewController.swift in Sources */ = {isa = PBXBuildFile; fileRef = 6E9366F41FC11FA800854A61 /* ScrollViewController.swift */; };
		6E9366FC1FC11FA800854A61 /* SwiftLogoView.swift in Sources */ = {isa = PBXBuildFile; fileRef = 6E9366F51FC11FA800854A61 /* SwiftLogoView.swift */; };
		6E9366FD1FC11FA800854A61 /* SwitchViewController.swift in Sources */ = {isa = PBXBuildFile; fileRef = 6E9366F61FC11FA800854A61 /* SwitchViewController.swift */; };
/* End PBXBuildFile section */

/* Begin PBXFileReference section */
		6E00A8A41FCB1BD800005FCC /* CacaoDemoTV.app */ = {isa = PBXFileReference; explicitFileType = wrapper.application; includeInIndex = 0; path = CacaoDemoTV.app; sourceTree = BUILT_PRODUCTS_DIR; };
		6E00A8AD1FCB1BD800005FCC /* Assets.xcassets */ = {isa = PBXFileReference; lastKnownFileType = folder.assetcatalog; path = Assets.xcassets; sourceTree = "<group>"; };
		6E00A8AF1FCB1BD800005FCC /* Info.plist */ = {isa = PBXFileReference; lastKnownFileType = text.plist.xml; path = Info.plist; sourceTree = "<group>"; };
		6E00A8BB1FCB1DCE00005FCC /* Main.storyboard */ = {isa = PBXFileReference; fileEncoding = 4; lastKnownFileType = file.storyboard; path = Main.storyboard; sourceTree = "<group>"; };
		6E45B6B6219FD1A700DC3DC9 /* CADisplayLink.swift */ = {isa = PBXFileReference; lastKnownFileType = sourcecode.swift; path = CADisplayLink.swift; sourceTree = "<group>"; };
		6E45B6B7219FD1A700DC3DC9 /* IOHIDEvent.swift */ = {isa = PBXFileReference; lastKnownFileType = sourcecode.swift; path = IOHIDEvent.swift; sourceTree = "<group>"; };
		6E45B6B8219FD1A700DC3DC9 /* NSIndexPath+UITableView.swift */ = {isa = PBXFileReference; lastKnownFileType = sourcecode.swift; path = "NSIndexPath+UITableView.swift"; sourceTree = "<group>"; };
		6E45B6B9219FD1A700DC3DC9 /* NSStringDrawing.swift */ = {isa = PBXFileReference; lastKnownFileType = sourcecode.swift; path = NSStringDrawing.swift; sourceTree = "<group>"; };
		6E45B6BA219FD1A700DC3DC9 /* SDL.swift */ = {isa = PBXFileReference; lastKnownFileType = sourcecode.swift; path = SDL.swift; sourceTree = "<group>"; };
		6E45B6BC219FD1A700DC3DC9 /* UISwitchStyleKit.swift */ = {isa = PBXFileReference; lastKnownFileType = sourcecode.swift; path = UISwitchStyleKit.swift; sourceTree = "<group>"; };
		6E45B6BD219FD1A700DC3DC9 /* SynchronizedArray.swift */ = {isa = PBXFileReference; lastKnownFileType = sourcecode.swift; path = SynchronizedArray.swift; sourceTree = "<group>"; };
		6E45B6BE219FD1A700DC3DC9 /* TextRendering.swift */ = {isa = PBXFileReference; lastKnownFileType = sourcecode.swift; path = TextRendering.swift; sourceTree = "<group>"; };
		6E45B6BF219FD1A700DC3DC9 /* UIAppearance.swift */ = {isa = PBXFileReference; lastKnownFileType = sourcecode.swift; path = UIAppearance.swift; sourceTree = "<group>"; };
		6E45B6C0219FD1A700DC3DC9 /* UIApplication.swift */ = {isa = PBXFileReference; lastKnownFileType = sourcecode.swift; path = UIApplication.swift; sourceTree = "<group>"; };
		6E45B6C1219FD1A700DC3DC9 /* UIBarButtonItem.swift */ = {isa = PBXFileReference; lastKnownFileType = sourcecode.swift; path = UIBarButtonItem.swift; sourceTree = "<group>"; };
		6E45B6C2219FD1A700DC3DC9 /* UIBarMetrics.swift */ = {isa = PBXFileReference; lastKnownFileType = sourcecode.swift; path = UIBarMetrics.swift; sourceTree = "<group>"; };
		6E45B6C3219FD1A700DC3DC9 /* UIBarPositioning.swift */ = {isa = PBXFileReference; lastKnownFileType = sourcecode.swift; path = UIBarPositioning.swift; sourceTree = "<group>"; };
		6E45B6C4219FD1A700DC3DC9 /* UIBarStyle.swift */ = {isa = PBXFileReference; lastKnownFileType = sourcecode.swift; path = UIBarStyle.swift; sourceTree = "<group>"; };
		6E45B6C5219FD1A700DC3DC9 /* UIBezierPath.swift */ = {isa = PBXFileReference; lastKnownFileType = sourcecode.swift; path = UIBezierPath.swift; sourceTree = "<group>"; };
		6E45B6C6219FD1A700DC3DC9 /* UIButton.swift */ = {isa = PBXFileReference; lastKnownFileType = sourcecode.swift; path = UIButton.swift; sourceTree = "<group>"; };
		6E45B6C7219FD1A700DC3DC9 /* UIColor.swift */ = {isa = PBXFileReference; lastKnownFileType = sourcecode.swift; path = UIColor.swift; sourceTree = "<group>"; };
		6E45B6C8219FD1A700DC3DC9 /* UIControl.swift */ = {isa = PBXFileReference; lastKnownFileType = sourcecode.swift; path = UIControl.swift; sourceTree = "<group>"; };
		6E45B6C9219FD1A700DC3DC9 /* UIDevice.swift */ = {isa = PBXFileReference; lastKnownFileType = sourcecode.swift; path = UIDevice.swift; sourceTree = "<group>"; };
		6E45B6CA219FD1A700DC3DC9 /* UIDragEvent.swift */ = {isa = PBXFileReference; lastKnownFileType = sourcecode.swift; path = UIDragEvent.swift; sourceTree = "<group>"; };
		6E45B6CB219FD1A700DC3DC9 /* UIEdgeInsets.swift */ = {isa = PBXFileReference; lastKnownFileType = sourcecode.swift; path = UIEdgeInsets.swift; sourceTree = "<group>"; };
		6E45B6CC219FD1A700DC3DC9 /* UIEvent.swift */ = {isa = PBXFileReference; lastKnownFileType = sourcecode.swift; path = UIEvent.swift; sourceTree = "<group>"; };
		6E45B6CD219FD1A700DC3DC9 /* UIEventDispatcher.swift */ = {isa = PBXFileReference; lastKnownFileType = sourcecode.swift; path = UIEventDispatcher.swift; sourceTree = "<group>"; };
		6E45B6CE219FD1A700DC3DC9 /* UIEventEnvironment.swift */ = {isa = PBXFileReference; lastKnownFileType = sourcecode.swift; path = UIEventEnvironment.swift; sourceTree = "<group>"; };
		6E45B6CF219FD1A700DC3DC9 /* UIEventFetcher.swift */ = {isa = PBXFileReference; lastKnownFileType = sourcecode.swift; path = UIEventFetcher.swift; sourceTree = "<group>"; };
		6E45B6D0219FD1A700DC3DC9 /* UIFieldEditor.swift */ = {isa = PBXFileReference; lastKnownFileType = sourcecode.swift; path = UIFieldEditor.swift; sourceTree = "<group>"; };
		6E45B6D1219FD1A700DC3DC9 /* UIFocusEnvironment.swift */ = {isa = PBXFileReference; lastKnownFileType = sourcecode.swift; path = UIFocusEnvironment.swift; sourceTree = "<group>"; };
		6E45B6D2219FD1A700DC3DC9 /* UIFocusHeading.swift */ = {isa = PBXFileReference; lastKnownFileType = sourcecode.swift; path = UIFocusHeading.swift; sourceTree = "<group>"; };
		6E45B6D3219FD1A700DC3DC9 /* UIFocusUpdateContext.swift */ = {isa = PBXFileReference; lastKnownFileType = sourcecode.swift; path = UIFocusUpdateContext.swift; sourceTree = "<group>"; };
		6E45B6D4219FD1A700DC3DC9 /* UIFont.swift */ = {isa = PBXFileReference; lastKnownFileType = sourcecode.swift; path = UIFont.swift; sourceTree = "<group>"; };
		6E45B6D5219FD1A700DC3DC9 /* UIGameControllerEvent.swift */ = {isa = PBXFileReference; lastKnownFileType = sourcecode.swift; path = UIGameControllerEvent.swift; sourceTree = "<group>"; };
		6E45B6D6219FD1A700DC3DC9 /* UIGestureEnvironment.swift */ = {isa = PBXFileReference; lastKnownFileType = sourcecode.swift; path = UIGestureEnvironment.swift; sourceTree = "<group>"; };
		6E45B6D7219FD1A700DC3DC9 /* UIGestureRecognizer.swift */ = {isa = PBXFileReference; lastKnownFileType = sourcecode.swift; path = UIGestureRecognizer.swift; sourceTree = "<group>"; };
		6E45B6D8219FD1A700DC3DC9 /* UIGraphics.swift */ = {isa = PBXFileReference; lastKnownFileType = sourcecode.swift; path = UIGraphics.swift; sourceTree = "<group>"; };
		6E45B6D9219FD1A700DC3DC9 /* UIImage.swift */ = {isa = PBXFileReference; lastKnownFileType = sourcecode.swift; path = UIImage.swift; sourceTree = "<group>"; };
		6E45B6DA219FD1A700DC3DC9 /* UIImageView.swift */ = {isa = PBXFileReference; lastKnownFileType = sourcecode.swift; path = UIImageView.swift; sourceTree = "<group>"; };
		6E45B6DB219FD1A700DC3DC9 /* UIKeyCommand.swift */ = {isa = PBXFileReference; lastKnownFileType = sourcecode.swift; path = UIKeyCommand.swift; sourceTree = "<group>"; };
		6E45B6DC219FD1A700DC3DC9 /* UIKeyInput.swift */ = {isa = PBXFileReference; lastKnownFileType = sourcecode.swift; path = UIKeyInput.swift; sourceTree = "<group>"; };
		6E45B6DD219FD1A700DC3DC9 /* UILabel.swift */ = {isa = PBXFileReference; lastKnownFileType = sourcecode.swift; path = UILabel.swift; sourceTree = "<group>"; };
		6E45B6DE219FD1A700DC3DC9 /* UILongPressGestureRecognizer.swift */ = {isa = PBXFileReference; lastKnownFileType = sourcecode.swift; path = UILongPressGestureRecognizer.swift; sourceTree = "<group>"; };
		6E45B6DF219FD1A700DC3DC9 /* UIMotionEvent.swift */ = {isa = PBXFileReference; lastKnownFileType = sourcecode.swift; path = UIMotionEvent.swift; sourceTree = "<group>"; };
		6E45B6E0219FD1A700DC3DC9 /* UIMoveEvent.swift */ = {isa = PBXFileReference; lastKnownFileType = sourcecode.swift; path = UIMoveEvent.swift; sourceTree = "<group>"; };
		6E45B6E1219FD1A700DC3DC9 /* UINavigationBar.swift */ = {isa = PBXFileReference; lastKnownFileType = sourcecode.swift; path = UINavigationBar.swift; sourceTree = "<group>"; };
		6E45B6E2219FD1A700DC3DC9 /* UINavigationController.swift */ = {isa = PBXFileReference; lastKnownFileType = sourcecode.swift; path = UINavigationController.swift; sourceTree = "<group>"; };
		6E45B6E3219FD1A700DC3DC9 /* UINavigationItem.swift */ = {isa = PBXFileReference; lastKnownFileType = sourcecode.swift; path = UINavigationItem.swift; sourceTree = "<group>"; };
		6E45B6E4219FD1A700DC3DC9 /* UIPanGestureRecognizer.swift */ = {isa = PBXFileReference; lastKnownFileType = sourcecode.swift; path = UIPanGestureRecognizer.swift; sourceTree = "<group>"; };
		6E45B6E5219FD1A700DC3DC9 /* UIPeripheralHost.swift */ = {isa = PBXFileReference; lastKnownFileType = sourcecode.swift; path = UIPeripheralHost.swift; sourceTree = "<group>"; };
		6E45B6E6219FD1A700DC3DC9 /* UIPhysicalButton.swift */ = {isa = PBXFileReference; lastKnownFileType = sourcecode.swift; path = UIPhysicalButton.swift; sourceTree = "<group>"; };
		6E45B6E7219FD1A700DC3DC9 /* UIPhysicalKeyboardEvent.swift */ = {isa = PBXFileReference; lastKnownFileType = sourcecode.swift; path = UIPhysicalKeyboardEvent.swift; sourceTree = "<group>"; };
		6E45B6E8219FD1A700DC3DC9 /* UIPress.swift */ = {isa = PBXFileReference; lastKnownFileType = sourcecode.swift; path = UIPress.swift; sourceTree = "<group>"; };
		6E45B6E9219FD1A700DC3DC9 /* UIPressesEvent.swift */ = {isa = PBXFileReference; lastKnownFileType = sourcecode.swift; path = UIPressesEvent.swift; sourceTree = "<group>"; };
		6E45B6EA219FD1A700DC3DC9 /* UIPressInfo.swift */ = {isa = PBXFileReference; lastKnownFileType = sourcecode.swift; path = UIPressInfo.swift; sourceTree = "<group>"; };
		6E45B6EB219FD1A700DC3DC9 /* UIRectCorner.swift */ = {isa = PBXFileReference; lastKnownFileType = sourcecode.swift; path = UIRectCorner.swift; sourceTree = "<group>"; };
		6E45B6EC219FD1A700DC3DC9 /* UIRefreshControl.swift */ = {isa = PBXFileReference; lastKnownFileType = sourcecode.swift; path = UIRefreshControl.swift; sourceTree = "<group>"; };
		6E45B6ED219FD1A700DC3DC9 /* UIRemoteControlEvent.swift */ = {isa = PBXFileReference; lastKnownFileType = sourcecode.swift; path = UIRemoteControlEvent.swift; sourceTree = "<group>"; };
		6E45B6EE219FD1A700DC3DC9 /* UIResponder.swift */ = {isa = PBXFileReference; lastKnownFileType = sourcecode.swift; path = UIResponder.swift; sourceTree = "<group>"; };
		6E45B6EF219FD1A700DC3DC9 /* UIScreen.swift */ = {isa = PBXFileReference; lastKnownFileType = sourcecode.swift; path = UIScreen.swift; sourceTree = "<group>"; };
		6E45B6F0219FD1A700DC3DC9 /* UIScrollView.swift */ = {isa = PBXFileReference; lastKnownFileType = sourcecode.swift; path = UIScrollView.swift; sourceTree = "<group>"; };
		6E45B6F1219FD1A700DC3DC9 /* UISwitch.swift */ = {isa = PBXFileReference; lastKnownFileType = sourcecode.swift; path = UISwitch.swift; sourceTree = "<group>"; };
		6E45B6F2219FD1A700DC3DC9 /* UITabBar.swift */ = {isa = PBXFileReference; lastKnownFileType = sourcecode.swift; path = UITabBar.swift; sourceTree = "<group>"; };
		6E45B6F3219FD1A700DC3DC9 /* UITabBarController.swift */ = {isa = PBXFileReference; lastKnownFileType = sourcecode.swift; path = UITabBarController.swift; sourceTree = "<group>"; };
		6E45B6F4219FD1A700DC3DC9 /* UITableView.swift */ = {isa = PBXFileReference; lastKnownFileType = sourcecode.swift; path = UITableView.swift; sourceTree = "<group>"; };
		6E45B6F5219FD1A700DC3DC9 /* UITableViewCell.swift */ = {isa = PBXFileReference; lastKnownFileType = sourcecode.swift; path = UITableViewCell.swift; sourceTree = "<group>"; };
		6E45B6F6219FD1A700DC3DC9 /* UITableViewController.swift */ = {isa = PBXFileReference; lastKnownFileType = sourcecode.swift; path = UITableViewController.swift; sourceTree = "<group>"; };
		6E45B6F7219FD1A700DC3DC9 /* UITableViewHeaderFooterView.swift */ = {isa = PBXFileReference; lastKnownFileType = sourcecode.swift; path = UITableViewHeaderFooterView.swift; sourceTree = "<group>"; };
		6E45B6F8219FD1A700DC3DC9 /* UITextInputTraits.swift */ = {isa = PBXFileReference; lastKnownFileType = sourcecode.swift; path = UITextInputTraits.swift; sourceTree = "<group>"; };
		6E45B6F9219FD1A700DC3DC9 /* UITouch.swift */ = {isa = PBXFileReference; lastKnownFileType = sourcecode.swift; path = UITouch.swift; sourceTree = "<group>"; };
		6E45B6FA219FD1A700DC3DC9 /* UITouchesEvent.swift */ = {isa = PBXFileReference; lastKnownFileType = sourcecode.swift; path = UITouchesEvent.swift; sourceTree = "<group>"; };
		6E45B6FB219FD1A700DC3DC9 /* UIView.swift */ = {isa = PBXFileReference; lastKnownFileType = sourcecode.swift; path = UIView.swift; sourceTree = "<group>"; };
		6E45B6FC219FD1A700DC3DC9 /* UIViewAnimation.swift */ = {isa = PBXFileReference; lastKnownFileType = sourcecode.swift; path = UIViewAnimation.swift; sourceTree = "<group>"; };
		6E45B6FD219FD1A700DC3DC9 /* UIViewAutoresizing.swift */ = {isa = PBXFileReference; lastKnownFileType = sourcecode.swift; path = UIViewAutoresizing.swift; sourceTree = "<group>"; };
		6E45B6FE219FD1A700DC3DC9 /* UIViewContentMode.swift */ = {isa = PBXFileReference; lastKnownFileType = sourcecode.swift; path = UIViewContentMode.swift; sourceTree = "<group>"; };
		6E45B6FF219FD1A700DC3DC9 /* UIViewController.swift */ = {isa = PBXFileReference; lastKnownFileType = sourcecode.swift; path = UIViewController.swift; sourceTree = "<group>"; };
		6E45B700219FD1A700DC3DC9 /* UIWheelEvent.swift */ = {isa = PBXFileReference; lastKnownFileType = sourcecode.swift; path = UIWheelEvent.swift; sourceTree = "<group>"; };
		6E45B701219FD1A700DC3DC9 /* UIWindow.swift */ = {isa = PBXFileReference; lastKnownFileType = sourcecode.swift; path = UIWindow.swift; sourceTree = "<group>"; };
		6E45B702219FD1A700DC3DC9 /* WeakReference.swift */ = {isa = PBXFileReference; lastKnownFileType = sourcecode.swift; path = WeakReference.swift; sourceTree = "<group>"; };
		6E9366DB1FC11F7E00854A61 /* CacaoDemo.app */ = {isa = PBXFileReference; explicitFileType = wrapper.application; includeInIndex = 0; path = CacaoDemo.app; sourceTree = BUILT_PRODUCTS_DIR; };
		6E9366E81FC11F7E00854A61 /* Base */ = {isa = PBXFileReference; lastKnownFileType = file.storyboard; name = Base; path = Base.lproj/LaunchScreen.storyboard; sourceTree = "<group>"; };
		6E9366EA1FC11F7E00854A61 /* Info.plist */ = {isa = PBXFileReference; lastKnownFileType = text.plist.xml; path = Info.plist; sourceTree = "<group>"; };
		6E9366F11FC11FA800854A61 /* AppDelegate.swift */ = {isa = PBXFileReference; fileEncoding = 4; lastKnownFileType = sourcecode.swift; path = AppDelegate.swift; sourceTree = "<group>"; };
		6E9366F21FC11FA800854A61 /* ContentModeViewController.swift */ = {isa = PBXFileReference; fileEncoding = 4; lastKnownFileType = sourcecode.swift; path = ContentModeViewController.swift; sourceTree = "<group>"; };
		6E9366F31FC11FA800854A61 /* main.swift */ = {isa = PBXFileReference; fileEncoding = 4; lastKnownFileType = sourcecode.swift; path = main.swift; sourceTree = "<group>"; };
		6E9366F41FC11FA800854A61 /* ScrollViewController.swift */ = {isa = PBXFileReference; fileEncoding = 4; lastKnownFileType = sourcecode.swift; path = ScrollViewController.swift; sourceTree = "<group>"; };
		6E9366F51FC11FA800854A61 /* SwiftLogoView.swift */ = {isa = PBXFileReference; fileEncoding = 4; lastKnownFileType = sourcecode.swift; path = SwiftLogoView.swift; sourceTree = "<group>"; };
		6E9366F61FC11FA800854A61 /* SwitchViewController.swift */ = {isa = PBXFileReference; fileEncoding = 4; lastKnownFileType = sourcecode.swift; path = SwitchViewController.swift; sourceTree = "<group>"; };
		6E9366F71FC11FA800854A61 /* TableViewController.swift */ = {isa = PBXFileReference; fileEncoding = 4; lastKnownFileType = sourcecode.swift; path = TableViewController.swift; sourceTree = "<group>"; };
/* End PBXFileReference section */

/* Begin PBXFrameworksBuildPhase section */
		6E00A8A11FCB1BD800005FCC /* Frameworks */ = {
			isa = PBXFrameworksBuildPhase;
			buildActionMask = 2147483647;
			files = (
			);
			runOnlyForDeploymentPostprocessing = 0;
		};
		6E9366D81FC11F7E00854A61 /* Frameworks */ = {
			isa = PBXFrameworksBuildPhase;
			buildActionMask = 2147483647;
			files = (
			);
			runOnlyForDeploymentPostprocessing = 0;
		};
/* End PBXFrameworksBuildPhase section */

/* Begin PBXGroup section */
		6E00A8A51FCB1BD800005FCC /* CacaoDemoTV */ = {
			isa = PBXGroup;
			children = (
				6E00A8BB1FCB1DCE00005FCC /* Main.storyboard */,
				6E00A8AD1FCB1BD800005FCC /* Assets.xcassets */,
				6E00A8AF1FCB1BD800005FCC /* Info.plist */,
			);
			path = CacaoDemoTV;
			sourceTree = "<group>";
		};
		6E45B6B5219FD1A700DC3DC9 /* Cacao */ = {
			isa = PBXGroup;
			children = (
				6E45B6B6219FD1A700DC3DC9 /* CADisplayLink.swift */,
				6E45B6B7219FD1A700DC3DC9 /* IOHIDEvent.swift */,
				6E45B6B8219FD1A700DC3DC9 /* NSIndexPath+UITableView.swift */,
				6E45B6B9219FD1A700DC3DC9 /* NSStringDrawing.swift */,
				6E45B6BA219FD1A700DC3DC9 /* SDL.swift */,
				6E45B6BB219FD1A700DC3DC9 /* StyleKit */,
				6E45B6BD219FD1A700DC3DC9 /* SynchronizedArray.swift */,
				6E45B6BE219FD1A700DC3DC9 /* TextRendering.swift */,
				6E45B6BF219FD1A700DC3DC9 /* UIAppearance.swift */,
				6E45B6C0219FD1A700DC3DC9 /* UIApplication.swift */,
				6E45B6C1219FD1A700DC3DC9 /* UIBarButtonItem.swift */,
				6E45B6C2219FD1A700DC3DC9 /* UIBarMetrics.swift */,
				6E45B6C3219FD1A700DC3DC9 /* UIBarPositioning.swift */,
				6E45B6C4219FD1A700DC3DC9 /* UIBarStyle.swift */,
				6E45B6C5219FD1A700DC3DC9 /* UIBezierPath.swift */,
				6E45B6C6219FD1A700DC3DC9 /* UIButton.swift */,
				6E45B6C7219FD1A700DC3DC9 /* UIColor.swift */,
				6E45B6C8219FD1A700DC3DC9 /* UIControl.swift */,
				6E45B6C9219FD1A700DC3DC9 /* UIDevice.swift */,
				6E45B6CA219FD1A700DC3DC9 /* UIDragEvent.swift */,
				6E45B6CB219FD1A700DC3DC9 /* UIEdgeInsets.swift */,
				6E45B6CC219FD1A700DC3DC9 /* UIEvent.swift */,
				6E45B6CD219FD1A700DC3DC9 /* UIEventDispatcher.swift */,
				6E45B6CE219FD1A700DC3DC9 /* UIEventEnvironment.swift */,
				6E45B6CF219FD1A700DC3DC9 /* UIEventFetcher.swift */,
				6E45B6D0219FD1A700DC3DC9 /* UIFieldEditor.swift */,
				6E45B6D1219FD1A700DC3DC9 /* UIFocusEnvironment.swift */,
				6E45B6D2219FD1A700DC3DC9 /* UIFocusHeading.swift */,
				6E45B6D3219FD1A700DC3DC9 /* UIFocusUpdateContext.swift */,
				6E45B6D4219FD1A700DC3DC9 /* UIFont.swift */,
				6E45B6D5219FD1A700DC3DC9 /* UIGameControllerEvent.swift */,
				6E45B6D6219FD1A700DC3DC9 /* UIGestureEnvironment.swift */,
				6E45B6D7219FD1A700DC3DC9 /* UIGestureRecognizer.swift */,
				6E45B6D8219FD1A700DC3DC9 /* UIGraphics.swift */,
				6E45B6D9219FD1A700DC3DC9 /* UIImage.swift */,
				6E45B6DA219FD1A700DC3DC9 /* UIImageView.swift */,
				6E45B6DB219FD1A700DC3DC9 /* UIKeyCommand.swift */,
				6E45B6DC219FD1A700DC3DC9 /* UIKeyInput.swift */,
				6E45B6DD219FD1A700DC3DC9 /* UILabel.swift */,
				6E45B6DE219FD1A700DC3DC9 /* UILongPressGestureRecognizer.swift */,
				6E45B6DF219FD1A700DC3DC9 /* UIMotionEvent.swift */,
				6E45B6E0219FD1A700DC3DC9 /* UIMoveEvent.swift */,
				6E45B6E1219FD1A700DC3DC9 /* UINavigationBar.swift */,
				6E45B6E2219FD1A700DC3DC9 /* UINavigationController.swift */,
				6E45B6E3219FD1A700DC3DC9 /* UINavigationItem.swift */,
				6E45B6E4219FD1A700DC3DC9 /* UIPanGestureRecognizer.swift */,
				6E45B6E5219FD1A700DC3DC9 /* UIPeripheralHost.swift */,
				6E45B6E6219FD1A700DC3DC9 /* UIPhysicalButton.swift */,
				6E45B6E7219FD1A700DC3DC9 /* UIPhysicalKeyboardEvent.swift */,
				6E45B6E8219FD1A700DC3DC9 /* UIPress.swift */,
				6E45B6E9219FD1A700DC3DC9 /* UIPressesEvent.swift */,
				6E45B6EA219FD1A700DC3DC9 /* UIPressInfo.swift */,
				6E45B6EB219FD1A700DC3DC9 /* UIRectCorner.swift */,
				6E45B6EC219FD1A700DC3DC9 /* UIRefreshControl.swift */,
				6E45B6ED219FD1A700DC3DC9 /* UIRemoteControlEvent.swift */,
				6E45B6EE219FD1A700DC3DC9 /* UIResponder.swift */,
				6E45B6EF219FD1A700DC3DC9 /* UIScreen.swift */,
				6E45B6F0219FD1A700DC3DC9 /* UIScrollView.swift */,
				6E45B6F1219FD1A700DC3DC9 /* UISwitch.swift */,
				6E45B6F2219FD1A700DC3DC9 /* UITabBar.swift */,
				6E45B6F3219FD1A700DC3DC9 /* UITabBarController.swift */,
				6E45B6F4219FD1A700DC3DC9 /* UITableView.swift */,
				6E45B6F5219FD1A700DC3DC9 /* UITableViewCell.swift */,
				6E45B6F6219FD1A700DC3DC9 /* UITableViewController.swift */,
				6E45B6F7219FD1A700DC3DC9 /* UITableViewHeaderFooterView.swift */,
				6E45B6F8219FD1A700DC3DC9 /* UITextInputTraits.swift */,
				6E45B6F9219FD1A700DC3DC9 /* UITouch.swift */,
				6E45B6FA219FD1A700DC3DC9 /* UITouchesEvent.swift */,
				6E45B6FB219FD1A700DC3DC9 /* UIView.swift */,
				6E45B6FC219FD1A700DC3DC9 /* UIViewAnimation.swift */,
				6E45B6FD219FD1A700DC3DC9 /* UIViewAutoresizing.swift */,
				6E45B6FE219FD1A700DC3DC9 /* UIViewContentMode.swift */,
				6E45B6FF219FD1A700DC3DC9 /* UIViewController.swift */,
				6E45B700219FD1A700DC3DC9 /* UIWheelEvent.swift */,
				6E45B701219FD1A700DC3DC9 /* UIWindow.swift */,
				6E45B702219FD1A700DC3DC9 /* WeakReference.swift */,
			);
			name = Cacao;
			path = ../../Sources/Cacao;
			sourceTree = "<group>";
		};
		6E45B6BB219FD1A700DC3DC9 /* StyleKit */ = {
			isa = PBXGroup;
			children = (
				6E45B6BC219FD1A700DC3DC9 /* UISwitchStyleKit.swift */,
			);
			path = StyleKit;
			sourceTree = "<group>";
		};
		6E9366D21FC11F7E00854A61 = {
			isa = PBXGroup;
			children = (
				6E45B6B5219FD1A700DC3DC9 /* Cacao */,
				6E9366DD1FC11F7E00854A61 /* CacaoDemo */,
				6E00A8A51FCB1BD800005FCC /* CacaoDemoTV */,
				6E9366DC1FC11F7E00854A61 /* Products */,
			);
			sourceTree = "<group>";
		};
		6E9366DC1FC11F7E00854A61 /* Products */ = {
			isa = PBXGroup;
			children = (
				6E9366DB1FC11F7E00854A61 /* CacaoDemo.app */,
				6E00A8A41FCB1BD800005FCC /* CacaoDemoTV.app */,
			);
			name = Products;
			sourceTree = "<group>";
		};
		6E9366DD1FC11F7E00854A61 /* CacaoDemo */ = {
			isa = PBXGroup;
			children = (
				6E9366F01FC11FA800854A61 /* Sources */,
				6E9366E71FC11F7E00854A61 /* LaunchScreen.storyboard */,
				6E9366EA1FC11F7E00854A61 /* Info.plist */,
			);
			path = CacaoDemo;
			sourceTree = "<group>";
		};
		6E9366F01FC11FA800854A61 /* Sources */ = {
			isa = PBXGroup;
			children = (
				6E9366F11FC11FA800854A61 /* AppDelegate.swift */,
				6E9366F21FC11FA800854A61 /* ContentModeViewController.swift */,
				6E9366F31FC11FA800854A61 /* main.swift */,
				6E9366F41FC11FA800854A61 /* ScrollViewController.swift */,
				6E9366F51FC11FA800854A61 /* SwiftLogoView.swift */,
				6E9366F61FC11FA800854A61 /* SwitchViewController.swift */,
				6E9366F71FC11FA800854A61 /* TableViewController.swift */,
			);
			name = Sources;
			path = ../../../Sources/CacaoDemo;
			sourceTree = "<group>";
		};
/* End PBXGroup section */

/* Begin PBXNativeTarget section */
		6E00A8A31FCB1BD800005FCC /* CacaoDemoTV */ = {
			isa = PBXNativeTarget;
			buildConfigurationList = 6E00A8B21FCB1BD800005FCC /* Build configuration list for PBXNativeTarget "CacaoDemoTV" */;
			buildPhases = (
				6E00A8A01FCB1BD800005FCC /* Sources */,
				6E00A8A11FCB1BD800005FCC /* Frameworks */,
				6E00A8A21FCB1BD800005FCC /* Resources */,
			);
			buildRules = (
			);
			dependencies = (
			);
			name = CacaoDemoTV;
			productName = CacaoDemoTV;
			productReference = 6E00A8A41FCB1BD800005FCC /* CacaoDemoTV.app */;
			productType = "com.apple.product-type.application";
		};
		6E9366DA1FC11F7E00854A61 /* CacaoDemo */ = {
			isa = PBXNativeTarget;
			buildConfigurationList = 6E9366ED1FC11F7E00854A61 /* Build configuration list for PBXNativeTarget "CacaoDemo" */;
			buildPhases = (
				6E9366D71FC11F7E00854A61 /* Sources */,
				6E9366D81FC11F7E00854A61 /* Frameworks */,
				6E9366D91FC11F7E00854A61 /* Resources */,
			);
			buildRules = (
			);
			dependencies = (
			);
			name = CacaoDemo;
			productName = CacaoDemo;
			productReference = 6E9366DB1FC11F7E00854A61 /* CacaoDemo.app */;
			productType = "com.apple.product-type.application";
		};
/* End PBXNativeTarget section */

/* Begin PBXProject section */
		6E9366D31FC11F7E00854A61 /* Project object */ = {
			isa = PBXProject;
			attributes = {
				LastSwiftUpdateCheck = 0910;
				LastUpgradeCheck = 1010;
				ORGANIZATIONNAME = PureSwift;
				TargetAttributes = {
					6E00A8A31FCB1BD800005FCC = {
						CreatedOnToolsVersion = 9.1;
						ProvisioningStyle = Automatic;
					};
					6E9366DA1FC11F7E00854A61 = {
						CreatedOnToolsVersion = 9.1;
						ProvisioningStyle = Automatic;
					};
				};
			};
			buildConfigurationList = 6E9366D61FC11F7E00854A61 /* Build configuration list for PBXProject "CacaoDemo" */;
			compatibilityVersion = "Xcode 8.0";
			developmentRegion = en;
			hasScannedForEncodings = 0;
			knownRegions = (
				en,
				Base,
			);
			mainGroup = 6E9366D21FC11F7E00854A61;
			productRefGroup = 6E9366DC1FC11F7E00854A61 /* Products */;
			projectDirPath = "";
			projectRoot = "";
			targets = (
				6E9366DA1FC11F7E00854A61 /* CacaoDemo */,
				6E00A8A31FCB1BD800005FCC /* CacaoDemoTV */,
			);
		};
/* End PBXProject section */

/* Begin PBXResourcesBuildPhase section */
		6E00A8A21FCB1BD800005FCC /* Resources */ = {
			isa = PBXResourcesBuildPhase;
			buildActionMask = 2147483647;
			files = (
				6E00A8AE1FCB1BD800005FCC /* Assets.xcassets in Resources */,
				6E00A8BC1FCB1DCE00005FCC /* Main.storyboard in Resources */,
			);
			runOnlyForDeploymentPostprocessing = 0;
		};
		6E9366D91FC11F7E00854A61 /* Resources */ = {
			isa = PBXResourcesBuildPhase;
			buildActionMask = 2147483647;
			files = (
				6E9366E91FC11F7E00854A61 /* LaunchScreen.storyboard in Resources */,
			);
			runOnlyForDeploymentPostprocessing = 0;
		};
/* End PBXResourcesBuildPhase section */

/* Begin PBXSourcesBuildPhase section */
		6E00A8A01FCB1BD800005FCC /* Sources */ = {
			isa = PBXSourcesBuildPhase;
			buildActionMask = 2147483647;
			files = (
				6E00A8B91FCB1BFB00005FCC /* TableViewController.swift in Sources */,
				6E00A8B31FCB1BFB00005FCC /* AppDelegate.swift in Sources */,
				6E00A8B41FCB1BFB00005FCC /* ContentModeViewController.swift in Sources */,
				6E00A8B61FCB1BFB00005FCC /* ScrollViewController.swift in Sources */,
				6E00A8B71FCB1BFB00005FCC /* SwiftLogoView.swift in Sources */,
			);
			runOnlyForDeploymentPostprocessing = 0;
		};
		6E9366D71FC11F7E00854A61 /* Sources */ = {
			isa = PBXSourcesBuildPhase;
			buildActionMask = 2147483647;
			files = (
				6E9366FD1FC11FA800854A61 /* SwitchViewController.swift in Sources */,
				6E45B71621A12A1200DC3DC9 /* UITableViewCell.swift in Sources */,
				6E9366F81FC11FA800854A61 /* AppDelegate.swift in Sources */,
				6E45B71721A12A2A00DC3DC9 /* UITableViewController.swift in Sources */,
				6E9366F91FC11FA800854A61 /* ContentModeViewController.swift in Sources */,
				6E45B71421A1217C00DC3DC9 /* UIScrollView.swift in Sources */,
				6E45B71921A12C5000DC3DC9 /* TableViewController.swift in Sources */,
				6E45B71821A12A2E00DC3DC9 /* UITableViewHeaderFooterView.swift in Sources */,
				6E9366FB1FC11FA800854A61 /* ScrollViewController.swift in Sources */,
				6E9366FC1FC11FA800854A61 /* SwiftLogoView.swift in Sources */,
				6E45B71521A12A0A00DC3DC9 /* UITableView.swift in Sources */,
			);
			runOnlyForDeploymentPostprocessing = 0;
		};
/* End PBXSourcesBuildPhase section */

/* Begin PBXVariantGroup section */
		6E9366E71FC11F7E00854A61 /* LaunchScreen.storyboard */ = {
			isa = PBXVariantGroup;
			children = (
				6E9366E81FC11F7E00854A61 /* Base */,
			);
			name = LaunchScreen.storyboard;
			sourceTree = "<group>";
		};
/* End PBXVariantGroup section */

/* Begin XCBuildConfiguration section */
		6E00A8B01FCB1BD800005FCC /* Debug */ = {
			isa = XCBuildConfiguration;
			buildSettings = {
				ASSETCATALOG_COMPILER_APPICON_NAME = "App Icon & Top Shelf Image";
				ASSETCATALOG_COMPILER_LAUNCHIMAGE_NAME = LaunchImage;
				CODE_SIGN_STYLE = Automatic;
				INFOPLIST_FILE = CacaoDemoTV/Info.plist;
				LD_RUNPATH_SEARCH_PATHS = "$(inherited) @executable_path/Frameworks";
				PRODUCT_BUNDLE_IDENTIFIER = org.pureswift.CacaoDemoTV;
				PRODUCT_NAME = "$(TARGET_NAME)";
				SDKROOT = appletvos;
				SWIFT_VERSION = 4.0;
				TARGETED_DEVICE_FAMILY = 3;
				TVOS_DEPLOYMENT_TARGET = 11.1;
			};
			name = Debug;
		};
		6E00A8B11FCB1BD800005FCC /* Release */ = {
			isa = XCBuildConfiguration;
			buildSettings = {
				ASSETCATALOG_COMPILER_APPICON_NAME = "App Icon & Top Shelf Image";
				ASSETCATALOG_COMPILER_LAUNCHIMAGE_NAME = LaunchImage;
				CODE_SIGN_STYLE = Automatic;
				INFOPLIST_FILE = CacaoDemoTV/Info.plist;
				LD_RUNPATH_SEARCH_PATHS = "$(inherited) @executable_path/Frameworks";
				PRODUCT_BUNDLE_IDENTIFIER = org.pureswift.CacaoDemoTV;
				PRODUCT_NAME = "$(TARGET_NAME)";
				SDKROOT = appletvos;
				SWIFT_VERSION = 4.0;
				TARGETED_DEVICE_FAMILY = 3;
				TVOS_DEPLOYMENT_TARGET = 11.1;
			};
			name = Release;
		};
		6E9366EB1FC11F7E00854A61 /* Debug */ = {
			isa = XCBuildConfiguration;
			buildSettings = {
				ALWAYS_SEARCH_USER_PATHS = NO;
				CLANG_ANALYZER_NONNULL = YES;
				CLANG_ANALYZER_NUMBER_OBJECT_CONVERSION = YES_AGGRESSIVE;
				CLANG_CXX_LANGUAGE_STANDARD = "gnu++14";
				CLANG_CXX_LIBRARY = "libc++";
				CLANG_ENABLE_MODULES = YES;
				CLANG_ENABLE_OBJC_ARC = YES;
				CLANG_WARN_BLOCK_CAPTURE_AUTORELEASING = YES;
				CLANG_WARN_BOOL_CONVERSION = YES;
				CLANG_WARN_COMMA = YES;
				CLANG_WARN_CONSTANT_CONVERSION = YES;
				CLANG_WARN_DEPRECATED_OBJC_IMPLEMENTATIONS = YES;
				CLANG_WARN_DIRECT_OBJC_ISA_USAGE = YES_ERROR;
				CLANG_WARN_DOCUMENTATION_COMMENTS = YES;
				CLANG_WARN_EMPTY_BODY = YES;
				CLANG_WARN_ENUM_CONVERSION = YES;
				CLANG_WARN_INFINITE_RECURSION = YES;
				CLANG_WARN_INT_CONVERSION = YES;
				CLANG_WARN_NON_LITERAL_NULL_CONVERSION = YES;
				CLANG_WARN_OBJC_IMPLICIT_RETAIN_SELF = YES;
				CLANG_WARN_OBJC_LITERAL_CONVERSION = YES;
				CLANG_WARN_OBJC_ROOT_CLASS = YES_ERROR;
				CLANG_WARN_RANGE_LOOP_ANALYSIS = YES;
				CLANG_WARN_STRICT_PROTOTYPES = YES;
				CLANG_WARN_SUSPICIOUS_MOVE = YES;
				CLANG_WARN_UNGUARDED_AVAILABILITY = YES_AGGRESSIVE;
				CLANG_WARN_UNREACHABLE_CODE = YES;
				CLANG_WARN__DUPLICATE_METHOD_MATCH = YES;
				CODE_SIGN_IDENTITY = "iPhone Developer";
				COPY_PHASE_STRIP = NO;
				DEBUG_INFORMATION_FORMAT = dwarf;
				ENABLE_STRICT_OBJC_MSGSEND = YES;
				ENABLE_TESTABILITY = YES;
				GCC_C_LANGUAGE_STANDARD = gnu11;
				GCC_DYNAMIC_NO_PIC = NO;
				GCC_NO_COMMON_BLOCKS = YES;
				GCC_OPTIMIZATION_LEVEL = 0;
				GCC_PREPROCESSOR_DEFINITIONS = (
					"DEBUG=1",
					"$(inherited)",
				);
				GCC_WARN_64_TO_32_BIT_CONVERSION = YES;
				GCC_WARN_ABOUT_RETURN_TYPE = YES_ERROR;
				GCC_WARN_UNDECLARED_SELECTOR = YES;
				GCC_WARN_UNINITIALIZED_AUTOS = YES_AGGRESSIVE;
				GCC_WARN_UNUSED_FUNCTION = YES;
				GCC_WARN_UNUSED_VARIABLE = YES;
				IPHONEOS_DEPLOYMENT_TARGET = 11.1;
				MTL_ENABLE_DEBUG_INFO = YES;
				ONLY_ACTIVE_ARCH = YES;
				SDKROOT = iphoneos;
				SWIFT_ACTIVE_COMPILATION_CONDITIONS = DEBUG;
				SWIFT_OPTIMIZATION_LEVEL = "-Onone";
				SWIFT_VERSION = 4.0;
			};
			name = Debug;
		};
		6E9366EC1FC11F7E00854A61 /* Release */ = {
			isa = XCBuildConfiguration;
			buildSettings = {
				ALWAYS_SEARCH_USER_PATHS = NO;
				CLANG_ANALYZER_NONNULL = YES;
				CLANG_ANALYZER_NUMBER_OBJECT_CONVERSION = YES_AGGRESSIVE;
				CLANG_CXX_LANGUAGE_STANDARD = "gnu++14";
				CLANG_CXX_LIBRARY = "libc++";
				CLANG_ENABLE_MODULES = YES;
				CLANG_ENABLE_OBJC_ARC = YES;
				CLANG_WARN_BLOCK_CAPTURE_AUTORELEASING = YES;
				CLANG_WARN_BOOL_CONVERSION = YES;
				CLANG_WARN_COMMA = YES;
				CLANG_WARN_CONSTANT_CONVERSION = YES;
				CLANG_WARN_DEPRECATED_OBJC_IMPLEMENTATIONS = YES;
				CLANG_WARN_DIRECT_OBJC_ISA_USAGE = YES_ERROR;
				CLANG_WARN_DOCUMENTATION_COMMENTS = YES;
				CLANG_WARN_EMPTY_BODY = YES;
				CLANG_WARN_ENUM_CONVERSION = YES;
				CLANG_WARN_INFINITE_RECURSION = YES;
				CLANG_WARN_INT_CONVERSION = YES;
				CLANG_WARN_NON_LITERAL_NULL_CONVERSION = YES;
				CLANG_WARN_OBJC_IMPLICIT_RETAIN_SELF = YES;
				CLANG_WARN_OBJC_LITERAL_CONVERSION = YES;
				CLANG_WARN_OBJC_ROOT_CLASS = YES_ERROR;
				CLANG_WARN_RANGE_LOOP_ANALYSIS = YES;
				CLANG_WARN_STRICT_PROTOTYPES = YES;
				CLANG_WARN_SUSPICIOUS_MOVE = YES;
				CLANG_WARN_UNGUARDED_AVAILABILITY = YES_AGGRESSIVE;
				CLANG_WARN_UNREACHABLE_CODE = YES;
				CLANG_WARN__DUPLICATE_METHOD_MATCH = YES;
				CODE_SIGN_IDENTITY = "iPhone Developer";
				COPY_PHASE_STRIP = NO;
				DEBUG_INFORMATION_FORMAT = "dwarf-with-dsym";
				ENABLE_NS_ASSERTIONS = NO;
				ENABLE_STRICT_OBJC_MSGSEND = YES;
				GCC_C_LANGUAGE_STANDARD = gnu11;
				GCC_NO_COMMON_BLOCKS = YES;
				GCC_WARN_64_TO_32_BIT_CONVERSION = YES;
				GCC_WARN_ABOUT_RETURN_TYPE = YES_ERROR;
				GCC_WARN_UNDECLARED_SELECTOR = YES;
				GCC_WARN_UNINITIALIZED_AUTOS = YES_AGGRESSIVE;
				GCC_WARN_UNUSED_FUNCTION = YES;
				GCC_WARN_UNUSED_VARIABLE = YES;
				IPHONEOS_DEPLOYMENT_TARGET = 11.1;
				MTL_ENABLE_DEBUG_INFO = NO;
				SDKROOT = iphoneos;
				SWIFT_OPTIMIZATION_LEVEL = "-Owholemodule";
				SWIFT_VERSION = 4.0;
				VALIDATE_PRODUCT = YES;
			};
			name = Release;
		};
		6E9366EE1FC11F7E00854A61 /* Debug */ = {
			isa = XCBuildConfiguration;
			buildSettings = {
				ASSETCATALOG_COMPILER_APPICON_NAME = AppIcon;
				CODE_SIGN_STYLE = Automatic;
				DEVELOPMENT_TEAM = 4W79SG34MW;
				INFOPLIST_FILE = CacaoDemo/Info.plist;
				IPHONEOS_DEPLOYMENT_TARGET = 9.0;
				LD_RUNPATH_SEARCH_PATHS = "$(inherited) @executable_path/Frameworks";
				PRODUCT_BUNDLE_IDENTIFIER = org.pureswift.CacaoDemo;
				PRODUCT_NAME = "$(TARGET_NAME)";
				TARGETED_DEVICE_FAMILY = "1,2";
			};
			name = Debug;
		};
		6E9366EF1FC11F7E00854A61 /* Release */ = {
			isa = XCBuildConfiguration;
			buildSettings = {
				ASSETCATALOG_COMPILER_APPICON_NAME = AppIcon;
				CODE_SIGN_STYLE = Automatic;
				DEVELOPMENT_TEAM = 4W79SG34MW;
				INFOPLIST_FILE = CacaoDemo/Info.plist;
				IPHONEOS_DEPLOYMENT_TARGET = 9.0;
				LD_RUNPATH_SEARCH_PATHS = "$(inherited) @executable_path/Frameworks";
				PRODUCT_BUNDLE_IDENTIFIER = org.pureswift.CacaoDemo;
				PRODUCT_NAME = "$(TARGET_NAME)";
				TARGETED_DEVICE_FAMILY = "1,2";
			};
			name = Release;
		};
/* End XCBuildConfiguration section */

/* Begin XCConfigurationList section */
		6E00A8B21FCB1BD800005FCC /* Build configuration list for PBXNativeTarget "CacaoDemoTV" */ = {
			isa = XCConfigurationList;
			buildConfigurations = (
				6E00A8B01FCB1BD800005FCC /* Debug */,
				6E00A8B11FCB1BD800005FCC /* Release */,
			);
			defaultConfigurationIsVisible = 0;
			defaultConfigurationName = Release;
		};
		6E9366D61FC11F7E00854A61 /* Build configuration list for PBXProject "CacaoDemo" */ = {
			isa = XCConfigurationList;
			buildConfigurations = (
				6E9366EB1FC11F7E00854A61 /* Debug */,
				6E9366EC1FC11F7E00854A61 /* Release */,
			);
			defaultConfigurationIsVisible = 0;
			defaultConfigurationName = Release;
		};
		6E9366ED1FC11F7E00854A61 /* Build configuration list for PBXNativeTarget "CacaoDemo" */ = {
			isa = XCConfigurationList;
			buildConfigurations = (
				6E9366EE1FC11F7E00854A61 /* Debug */,
				6E9366EF1FC11F7E00854A61 /* Release */,
			);
			defaultConfigurationIsVisible = 0;
			defaultConfigurationName = Release;
		};
/* End XCConfigurationList section */
	};
	rootObject = 6E9366D31FC11F7E00854A61 /* Project object */;
}
